// !$*UTF8*$!
{
	archiveVersion = 1;
	classes = {
	};
	objectVersion = 45;
	objects = {

/* Begin PBXBuildFile section */
		1D60589F0D05DD5A006BFB54 /* Foundation.framework in Frameworks */ = {isa = PBXBuildFile; fileRef = 1D30AB110D05D00D00671497 /* Foundation.framework */; };
		1DF5F4E00D08C38300B7A737 /* UIKit.framework in Frameworks */ = {isa = PBXBuildFile; fileRef = 1DF5F4DF0D08C38300B7A737 /* UIKit.framework */; };
		288765A50DF7441C002DB57D /* CoreGraphics.framework in Frameworks */ = {isa = PBXBuildFile; fileRef = 288765A40DF7441C002DB57D /* CoreGraphics.framework */; };
		A3A1A112115814D0001EF877 /* OCHamcrest.framework in Frameworks */ = {isa = PBXBuildFile; fileRef = A3A1A111115814D0001EF877 /* OCHamcrest.framework */; };
		A3A1A149115814F7001EF877 /* OCHamcrest.framework in CopyFiles */ = {isa = PBXBuildFile; fileRef = A3A1A111115814D0001EF877 /* OCHamcrest.framework */; };
		A3A1A15C1158158D001EF877 /* OCMock.framework in Frameworks */ = {isa = PBXBuildFile; fileRef = A3A1A15B1158158D001EF877 /* OCMock.framework */; };
		A3A1A1661158158E001EF877 /* OCMock.framework in CopyFiles */ = {isa = PBXBuildFile; fileRef = A3A1A15B1158158D001EF877 /* OCMock.framework */; };
		A3A1A1961158175A001EF877 /* PTEventListener.m in Sources */ = {isa = PBXBuildFile; fileRef = A3D1D28D1157FA4C009A12AD /* PTEventListener.m */; };
		A3A1A1981158175A001EF877 /* PTPusher.m in Sources */ = {isa = PBXBuildFile; fileRef = A3D1D28F1157FA4C009A12AD /* PTPusher.m */; };
		A3A1A19A1158175A001EF877 /* PTPusherEvent.m in Sources */ = {isa = PBXBuildFile; fileRef = A3D1D2911157FA4C009A12AD /* PTPusherEvent.m */; };
		A3A1A19D11581776001EF877 /* NSObject+SBJSON.m in Sources */ = {isa = PBXBuildFile; fileRef = A3D1D11B1157CF2F009A12AD /* NSObject+SBJSON.m */; };
		A3A1A19E11581776001EF877 /* NSString+SBJSON.m in Sources */ = {isa = PBXBuildFile; fileRef = A3D1D11D1157CF2F009A12AD /* NSString+SBJSON.m */; };
		A3A1A19F11581776001EF877 /* SBJSON.m in Sources */ = {isa = PBXBuildFile; fileRef = A3D1D11F1157CF2F009A12AD /* SBJSON.m */; };
		A3A1A1A011581776001EF877 /* SBJsonBase.m in Sources */ = {isa = PBXBuildFile; fileRef = A3D1D1211157CF2F009A12AD /* SBJsonBase.m */; };
		A3A1A1A111581776001EF877 /* SBJsonParser.m in Sources */ = {isa = PBXBuildFile; fileRef = A3D1D1231157CF2F009A12AD /* SBJsonParser.m */; };
		A3A1A1A211581776001EF877 /* SBJsonWriter.m in Sources */ = {isa = PBXBuildFile; fileRef = A3D1D1251157CF2F009A12AD /* SBJsonWriter.m */; };
		A3A1A1A311581776001EF877 /* AsyncSocket.m in Sources */ = {isa = PBXBuildFile; fileRef = A3D1D0A31157CC68009A12AD /* AsyncSocket.m */; };
		A3A1A20111581782001EF877 /* CFNetwork.framework in Frameworks */ = {isa = PBXBuildFile; fileRef = A3D1D0B51157CCDE009A12AD /* CFNetwork.framework */; };
		A3A1A20211581782001EF877 /* Foundation.framework in Frameworks */ = {isa = PBXBuildFile; fileRef = 1D30AB110D05D00D00671497 /* Foundation.framework */; };
		A3A1A41311582D32001EF877 /* PTPusherTest.m in Sources */ = {isa = PBXBuildFile; fileRef = A3A1A41211582D32001EF877 /* PTPusherTest.m */; };
		A3A1A42A11582F26001EF877 /* PTPusherDelegate.h in Headers */ = {isa = PBXBuildFile; fileRef = A3A1A41611582DC3001EF877 /* PTPusherDelegate.h */; settings = {ATTRIBUTES = (Public, ); }; };
		A3CDE3BA11C93E4E0051777E /* ZTWebSocket.m in Sources */ = {isa = PBXBuildFile; fileRef = A3CDE3B911C93E4E0051777E /* ZTWebSocket.m */; };
		A3CDE3BD11C93E580051777E /* ZTLog.h in Headers */ = {isa = PBXBuildFile; fileRef = A3CDE3BB11C93E580051777E /* ZTLog.h */; };
		A3CDE3BE11C93E580051777E /* ZTWebSocket.h in Headers */ = {isa = PBXBuildFile; fileRef = A3CDE3BC11C93E580051777E /* ZTWebSocket.h */; };
		A3D1D0B61157CCDE009A12AD /* CFNetwork.framework in Frameworks */ = {isa = PBXBuildFile; fileRef = A3D1D0B51157CCDE009A12AD /* CFNetwork.framework */; };
		A3D1D1261157CF2F009A12AD /* CREDITS in Resources */ = {isa = PBXBuildFile; fileRef = A3D1D1181157CF2F009A12AD /* CREDITS */; };
		A3D1D2861157FA30009A12AD /* PusherEventsAppDelegate.m in Sources */ = {isa = PBXBuildFile; fileRef = A3D1D27E1157FA30009A12AD /* PusherEventsAppDelegate.m */; };
		A3D1D2871157FA30009A12AD /* PusherEventsViewController.m in Sources */ = {isa = PBXBuildFile; fileRef = A3D1D2801157FA30009A12AD /* PusherEventsViewController.m */; };
		A3D1D2881157FA30009A12AD /* main.m in Sources */ = {isa = PBXBuildFile; fileRef = A3D1D2821157FA30009A12AD /* main.m */; };
		A3D1D2891157FA30009A12AD /* MainWindow.xib in Resources */ = {isa = PBXBuildFile; fileRef = A3D1D2831157FA30009A12AD /* MainWindow.xib */; };
		A3D1D28B1157FA30009A12AD /* PusherEventsViewController.xib in Resources */ = {isa = PBXBuildFile; fileRef = A3D1D2851157FA30009A12AD /* PusherEventsViewController.xib */; };
		A3D1D2C711580162009A12AD /* PTEventListener.h in Headers */ = {isa = PBXBuildFile; fileRef = A3D1D28C1157FA4C009A12AD /* PTEventListener.h */; settings = {ATTRIBUTES = (Private, ); }; };
		A3D1D2C811580162009A12AD /* PTEventListener.m in Sources */ = {isa = PBXBuildFile; fileRef = A3D1D28D1157FA4C009A12AD /* PTEventListener.m */; };
		A3D1D2C911580162009A12AD /* PTPusher.h in Headers */ = {isa = PBXBuildFile; fileRef = A3D1D28E1157FA4C009A12AD /* PTPusher.h */; settings = {ATTRIBUTES = (Public, ); }; };
		A3D1D2CA11580162009A12AD /* PTPusher.m in Sources */ = {isa = PBXBuildFile; fileRef = A3D1D28F1157FA4C009A12AD /* PTPusher.m */; };
		A3D1D2CB11580162009A12AD /* PTPusherEvent.h in Headers */ = {isa = PBXBuildFile; fileRef = A3D1D2901157FA4C009A12AD /* PTPusherEvent.h */; settings = {ATTRIBUTES = (Public, ); }; };
		A3D1D2CC11580162009A12AD /* PTPusherEvent.m in Sources */ = {isa = PBXBuildFile; fileRef = A3D1D2911157FA4C009A12AD /* PTPusherEvent.m */; };
		A3D1D2CD11580177009A12AD /* JSON.h in Headers */ = {isa = PBXBuildFile; fileRef = A3D1D1191157CF2F009A12AD /* JSON.h */; };
		A3D1D2CE11580177009A12AD /* NSObject+SBJSON.h in Headers */ = {isa = PBXBuildFile; fileRef = A3D1D11A1157CF2F009A12AD /* NSObject+SBJSON.h */; settings = {ATTRIBUTES = (Public, ); }; };
		A3D1D2CF11580177009A12AD /* NSObject+SBJSON.m in Sources */ = {isa = PBXBuildFile; fileRef = A3D1D11B1157CF2F009A12AD /* NSObject+SBJSON.m */; };
		A3D1D2D011580177009A12AD /* NSString+SBJSON.h in Headers */ = {isa = PBXBuildFile; fileRef = A3D1D11C1157CF2F009A12AD /* NSString+SBJSON.h */; };
		A3D1D2D111580177009A12AD /* NSString+SBJSON.m in Sources */ = {isa = PBXBuildFile; fileRef = A3D1D11D1157CF2F009A12AD /* NSString+SBJSON.m */; };
		A3D1D2D211580177009A12AD /* SBJSON.h in Headers */ = {isa = PBXBuildFile; fileRef = A3D1D11E1157CF2F009A12AD /* SBJSON.h */; };
		A3D1D2D311580177009A12AD /* SBJSON.m in Sources */ = {isa = PBXBuildFile; fileRef = A3D1D11F1157CF2F009A12AD /* SBJSON.m */; };
		A3D1D2D411580177009A12AD /* SBJsonBase.h in Headers */ = {isa = PBXBuildFile; fileRef = A3D1D1201157CF2F009A12AD /* SBJsonBase.h */; };
		A3D1D2D511580177009A12AD /* SBJsonBase.m in Sources */ = {isa = PBXBuildFile; fileRef = A3D1D1211157CF2F009A12AD /* SBJsonBase.m */; };
		A3D1D2D611580177009A12AD /* SBJsonParser.h in Headers */ = {isa = PBXBuildFile; fileRef = A3D1D1221157CF2F009A12AD /* SBJsonParser.h */; };
		A3D1D2D711580177009A12AD /* SBJsonParser.m in Sources */ = {isa = PBXBuildFile; fileRef = A3D1D1231157CF2F009A12AD /* SBJsonParser.m */; };
		A3D1D2D811580177009A12AD /* SBJsonWriter.h in Headers */ = {isa = PBXBuildFile; fileRef = A3D1D1241157CF2F009A12AD /* SBJsonWriter.h */; };
		A3D1D2D911580177009A12AD /* SBJsonWriter.m in Sources */ = {isa = PBXBuildFile; fileRef = A3D1D1251157CF2F009A12AD /* SBJsonWriter.m */; };
		A3D1D2DA1158017D009A12AD /* AsyncSocket.h in Headers */ = {isa = PBXBuildFile; fileRef = A3D1D0A21157CC68009A12AD /* AsyncSocket.h */; };
		A3D1D2DB1158017D009A12AD /* AsyncSocket.m in Sources */ = {isa = PBXBuildFile; fileRef = A3D1D0A31157CC68009A12AD /* AsyncSocket.m */; };
		A3D1D2DC1158017D009A12AD /* AsyncUdpSocket.h in Headers */ = {isa = PBXBuildFile; fileRef = A3D1D0A41157CC68009A12AD /* AsyncUdpSocket.h */; };
		A3D1D2DD1158017D009A12AD /* AsyncUdpSocket.m in Sources */ = {isa = PBXBuildFile; fileRef = A3D1D0A51157CC68009A12AD /* AsyncUdpSocket.m */; };
		A3D1D308115802B2009A12AD /* libPusher.a in Frameworks */ = {isa = PBXBuildFile; fileRef = A3D1D2B71158013F009A12AD /* libPusher.a */; };
		A3FE41CB11811161009CF5D7 /* NewEventViewController.m in Sources */ = {isa = PBXBuildFile; fileRef = A3FE41C911811161009CF5D7 /* NewEventViewController.m */; };
		A3FE41CC11811161009CF5D7 /* NewEventViewController.xib in Resources */ = {isa = PBXBuildFile; fileRef = A3FE41CA11811161009CF5D7 /* NewEventViewController.xib */; };
		A3FE429E11811EEE009CF5D7 /* NSString+Hashing.h in Headers */ = {isa = PBXBuildFile; fileRef = A3FE429B11811EE8009CF5D7 /* NSString+Hashing.h */; };
		A3FE429F11811EEE009CF5D7 /* NSString+Hashing.m in Sources */ = {isa = PBXBuildFile; fileRef = A3FE429C11811EE8009CF5D7 /* NSString+Hashing.m */; };
		A3FE44751181B7FC009CF5D7 /* PTPusherChannel.m in Sources */ = {isa = PBXBuildFile; fileRef = A3FE42191181173B009CF5D7 /* PTPusherChannel.m */; };
		A3FE44761181B7FE009CF5D7 /* PTPusherChannel.m in Sources */ = {isa = PBXBuildFile; fileRef = A3FE42191181173B009CF5D7 /* PTPusherChannel.m */; };
		A3FE44891181B8EE009CF5D7 /* PTPusherChannelDelegate.h in Headers */ = {isa = PBXBuildFile; fileRef = A3FE44881181B8EE009CF5D7 /* PTPusherChannelDelegate.h */; };
		A3FE44E71181C3C5009CF5D7 /* NSDictionary+QueryString.m in Sources */ = {isa = PBXBuildFile; fileRef = A3FE430011812541009CF5D7 /* NSDictionary+QueryString.m */; };
/* End PBXBuildFile section */

/* Begin PBXContainerItemProxy section */
		A3D1D3021158029F009A12AD /* PBXContainerItemProxy */ = {
			isa = PBXContainerItemProxy;
			containerPortal = 29B97313FDCFA39411CA2CEA /* Project object */;
			proxyType = 1;
			remoteGlobalIDString = A3D1D2B61158013F009A12AD;
			remoteInfo = libPusher;
		};
/* End PBXContainerItemProxy section */

/* Begin PBXCopyFilesBuildPhase section */
		A3A1A144115814E9001EF877 /* CopyFiles */ = {
			isa = PBXCopyFilesBuildPhase;
			buildActionMask = 2147483647;
			dstPath = "";
			dstSubfolderSpec = 16;
			files = (
				A3A1A1661158158E001EF877 /* OCMock.framework in CopyFiles */,
				A3A1A149115814F7001EF877 /* OCHamcrest.framework in CopyFiles */,
			);
			runOnlyForDeploymentPostprocessing = 0;
		};
/* End PBXCopyFilesBuildPhase section */

/* Begin PBXFileReference section */
		1D30AB110D05D00D00671497 /* Foundation.framework */ = {isa = PBXFileReference; lastKnownFileType = wrapper.framework; name = Foundation.framework; path = System/Library/Frameworks/Foundation.framework; sourceTree = SDKROOT; };
		1D6058910D05DD3D006BFB54 /* SampleApp.app */ = {isa = PBXFileReference; explicitFileType = wrapper.application; includeInIndex = 0; path = SampleApp.app; sourceTree = BUILT_PRODUCTS_DIR; };
		1DF5F4DF0D08C38300B7A737 /* UIKit.framework */ = {isa = PBXFileReference; lastKnownFileType = wrapper.framework; name = UIKit.framework; path = System/Library/Frameworks/UIKit.framework; sourceTree = SDKROOT; };
		288765A40DF7441C002DB57D /* CoreGraphics.framework */ = {isa = PBXFileReference; lastKnownFileType = wrapper.framework; name = CoreGraphics.framework; path = System/Library/Frameworks/CoreGraphics.framework; sourceTree = SDKROOT; };
		32CA4F630368D1EE00C91783 /* libPusher_Prefix.pch */ = {isa = PBXFileReference; fileEncoding = 4; lastKnownFileType = sourcecode.c.h; path = libPusher_Prefix.pch; sourceTree = "<group>"; };
		A30790D911583B7200EBFFF8 /* Constants.h */ = {isa = PBXFileReference; fileEncoding = 4; lastKnownFileType = sourcecode.c.h; path = Constants.h; sourceTree = "<group>"; };
		A3A19FB911580DD7001EF877 /* UnitTests-Info.plist */ = {isa = PBXFileReference; lastKnownFileType = text.plist.xml; path = "UnitTests-Info.plist"; sourceTree = "<group>"; };
		A3A19FBF11580DE9001EF877 /* UnitTests_Prefix.pch */ = {isa = PBXFileReference; fileEncoding = 4; lastKnownFileType = sourcecode.c.h; path = UnitTests_Prefix.pch; sourceTree = "<group>"; };
		A3A1A0EB115813E2001EF877 /* UnitTests.octest */ = {isa = PBXFileReference; explicitFileType = wrapper.cfbundle; includeInIndex = 0; path = UnitTests.octest; sourceTree = BUILT_PRODUCTS_DIR; };
		A3A1A111115814D0001EF877 /* OCHamcrest.framework */ = {isa = PBXFileReference; lastKnownFileType = wrapper.framework; name = OCHamcrest.framework; path = Frameworks/OCHamcrest.framework; sourceTree = "<group>"; };
		A3A1A15B1158158D001EF877 /* OCMock.framework */ = {isa = PBXFileReference; lastKnownFileType = wrapper.framework; name = OCMock.framework; path = Frameworks/OCMock.framework; sourceTree = "<group>"; };
		A3A1A41211582D32001EF877 /* PTPusherTest.m */ = {isa = PBXFileReference; fileEncoding = 4; lastKnownFileType = sourcecode.c.objc; path = PTPusherTest.m; sourceTree = "<group>"; };
		A3A1A41611582DC3001EF877 /* PTPusherDelegate.h */ = {isa = PBXFileReference; fileEncoding = 4; lastKnownFileType = sourcecode.c.h; path = PTPusherDelegate.h; sourceTree = "<group>"; };
		A3CDE3B911C93E4E0051777E /* ZTWebSocket.m */ = {isa = PBXFileReference; fileEncoding = 4; lastKnownFileType = sourcecode.c.objc; name = ZTWebSocket.m; path = Zimt/src/ZTWebSocket.m; sourceTree = "<group>"; };
		A3CDE3BB11C93E580051777E /* ZTLog.h */ = {isa = PBXFileReference; fileEncoding = 4; lastKnownFileType = sourcecode.c.h; name = ZTLog.h; path = Zimt/src/Zimt/ZTLog.h; sourceTree = "<group>"; };
		A3CDE3BC11C93E580051777E /* ZTWebSocket.h */ = {isa = PBXFileReference; fileEncoding = 4; lastKnownFileType = sourcecode.c.h; name = ZTWebSocket.h; path = Zimt/src/Zimt/ZTWebSocket.h; sourceTree = "<group>"; };
		A3D1D0A21157CC68009A12AD /* AsyncSocket.h */ = {isa = PBXFileReference; fileEncoding = 4; lastKnownFileType = sourcecode.c.h; path = AsyncSocket.h; sourceTree = "<group>"; };
		A3D1D0A31157CC68009A12AD /* AsyncSocket.m */ = {isa = PBXFileReference; fileEncoding = 4; lastKnownFileType = sourcecode.c.objc; path = AsyncSocket.m; sourceTree = "<group>"; };
		A3D1D0A41157CC68009A12AD /* AsyncUdpSocket.h */ = {isa = PBXFileReference; fileEncoding = 4; lastKnownFileType = sourcecode.c.h; path = AsyncUdpSocket.h; sourceTree = "<group>"; };
		A3D1D0A51157CC68009A12AD /* AsyncUdpSocket.m */ = {isa = PBXFileReference; fileEncoding = 4; lastKnownFileType = sourcecode.c.objc; path = AsyncUdpSocket.m; sourceTree = "<group>"; };
		A3D1D0B51157CCDE009A12AD /* CFNetwork.framework */ = {isa = PBXFileReference; lastKnownFileType = wrapper.framework; name = CFNetwork.framework; path = System/Library/Frameworks/CFNetwork.framework; sourceTree = SDKROOT; };
		A3D1D1181157CF2F009A12AD /* CREDITS */ = {isa = PBXFileReference; fileEncoding = 4; lastKnownFileType = text; path = CREDITS; sourceTree = "<group>"; };
		A3D1D1191157CF2F009A12AD /* JSON.h */ = {isa = PBXFileReference; fileEncoding = 4; lastKnownFileType = sourcecode.c.h; path = JSON.h; sourceTree = "<group>"; };
		A3D1D11A1157CF2F009A12AD /* NSObject+SBJSON.h */ = {isa = PBXFileReference; fileEncoding = 4; lastKnownFileType = sourcecode.c.h; path = "NSObject+SBJSON.h"; sourceTree = "<group>"; };
		A3D1D11B1157CF2F009A12AD /* NSObject+SBJSON.m */ = {isa = PBXFileReference; fileEncoding = 4; lastKnownFileType = sourcecode.c.objc; path = "NSObject+SBJSON.m"; sourceTree = "<group>"; };
		A3D1D11C1157CF2F009A12AD /* NSString+SBJSON.h */ = {isa = PBXFileReference; fileEncoding = 4; lastKnownFileType = sourcecode.c.h; path = "NSString+SBJSON.h"; sourceTree = "<group>"; };
		A3D1D11D1157CF2F009A12AD /* NSString+SBJSON.m */ = {isa = PBXFileReference; fileEncoding = 4; lastKnownFileType = sourcecode.c.objc; path = "NSString+SBJSON.m"; sourceTree = "<group>"; };
		A3D1D11E1157CF2F009A12AD /* SBJSON.h */ = {isa = PBXFileReference; fileEncoding = 4; lastKnownFileType = sourcecode.c.h; path = SBJSON.h; sourceTree = "<group>"; };
		A3D1D11F1157CF2F009A12AD /* SBJSON.m */ = {isa = PBXFileReference; fileEncoding = 4; lastKnownFileType = sourcecode.c.objc; path = SBJSON.m; sourceTree = "<group>"; };
		A3D1D1201157CF2F009A12AD /* SBJsonBase.h */ = {isa = PBXFileReference; fileEncoding = 4; lastKnownFileType = sourcecode.c.h; path = SBJsonBase.h; sourceTree = "<group>"; };
		A3D1D1211157CF2F009A12AD /* SBJsonBase.m */ = {isa = PBXFileReference; fileEncoding = 4; lastKnownFileType = sourcecode.c.objc; path = SBJsonBase.m; sourceTree = "<group>"; };
		A3D1D1221157CF2F009A12AD /* SBJsonParser.h */ = {isa = PBXFileReference; fileEncoding = 4; lastKnownFileType = sourcecode.c.h; path = SBJsonParser.h; sourceTree = "<group>"; };
		A3D1D1231157CF2F009A12AD /* SBJsonParser.m */ = {isa = PBXFileReference; fileEncoding = 4; lastKnownFileType = sourcecode.c.objc; path = SBJsonParser.m; sourceTree = "<group>"; };
		A3D1D1241157CF2F009A12AD /* SBJsonWriter.h */ = {isa = PBXFileReference; fileEncoding = 4; lastKnownFileType = sourcecode.c.h; path = SBJsonWriter.h; sourceTree = "<group>"; };
		A3D1D1251157CF2F009A12AD /* SBJsonWriter.m */ = {isa = PBXFileReference; fileEncoding = 4; lastKnownFileType = sourcecode.c.objc; path = SBJsonWriter.m; sourceTree = "<group>"; };
		A3D1D27D1157FA30009A12AD /* PusherEventsAppDelegate.h */ = {isa = PBXFileReference; fileEncoding = 4; lastKnownFileType = sourcecode.c.h; path = PusherEventsAppDelegate.h; sourceTree = "<group>"; };
		A3D1D27E1157FA30009A12AD /* PusherEventsAppDelegate.m */ = {isa = PBXFileReference; fileEncoding = 4; lastKnownFileType = sourcecode.c.objc; path = PusherEventsAppDelegate.m; sourceTree = "<group>"; };
		A3D1D27F1157FA30009A12AD /* PusherEventsViewController.h */ = {isa = PBXFileReference; fileEncoding = 4; lastKnownFileType = sourcecode.c.h; path = PusherEventsViewController.h; sourceTree = "<group>"; };
		A3D1D2801157FA30009A12AD /* PusherEventsViewController.m */ = {isa = PBXFileReference; fileEncoding = 4; lastKnownFileType = sourcecode.c.objc; path = PusherEventsViewController.m; sourceTree = "<group>"; };
		A3D1D2821157FA30009A12AD /* main.m */ = {isa = PBXFileReference; fileEncoding = 4; lastKnownFileType = sourcecode.c.objc; path = main.m; sourceTree = "<group>"; };
		A3D1D2831157FA30009A12AD /* MainWindow.xib */ = {isa = PBXFileReference; lastKnownFileType = file.xib; name = MainWindow.xib; path = Sample/MainWindow.xib; sourceTree = "<group>"; };
		A3D1D2851157FA30009A12AD /* PusherEventsViewController.xib */ = {isa = PBXFileReference; lastKnownFileType = file.xib; name = PusherEventsViewController.xib; path = Sample/PusherEventsViewController.xib; sourceTree = "<group>"; };
		A3D1D28C1157FA4C009A12AD /* PTEventListener.h */ = {isa = PBXFileReference; fileEncoding = 4; lastKnownFileType = sourcecode.c.h; path = PTEventListener.h; sourceTree = "<group>"; };
		A3D1D28D1157FA4C009A12AD /* PTEventListener.m */ = {isa = PBXFileReference; fileEncoding = 4; lastKnownFileType = sourcecode.c.objc; path = PTEventListener.m; sourceTree = "<group>"; };
		A3D1D28E1157FA4C009A12AD /* PTPusher.h */ = {isa = PBXFileReference; fileEncoding = 4; lastKnownFileType = sourcecode.c.h; path = PTPusher.h; sourceTree = "<group>"; };
		A3D1D28F1157FA4C009A12AD /* PTPusher.m */ = {isa = PBXFileReference; fileEncoding = 4; lastKnownFileType = sourcecode.c.objc; path = PTPusher.m; sourceTree = "<group>"; };
		A3D1D2901157FA4C009A12AD /* PTPusherEvent.h */ = {isa = PBXFileReference; fileEncoding = 4; lastKnownFileType = sourcecode.c.h; path = PTPusherEvent.h; sourceTree = "<group>"; };
		A3D1D2911157FA4C009A12AD /* PTPusherEvent.m */ = {isa = PBXFileReference; fileEncoding = 4; lastKnownFileType = sourcecode.c.objc; path = PTPusherEvent.m; sourceTree = "<group>"; };
		A3D1D29B1157FA80009A12AD /* libPusher-Info.plist */ = {isa = PBXFileReference; fileEncoding = 4; lastKnownFileType = text.plist.xml; path = "libPusher-Info.plist"; sourceTree = "<group>"; };
		A3D1D2B71158013F009A12AD /* libPusher.a */ = {isa = PBXFileReference; explicitFileType = archive.ar; includeInIndex = 0; path = libPusher.a; sourceTree = BUILT_PRODUCTS_DIR; };
		A3FE41C811811161009CF5D7 /* NewEventViewController.h */ = {isa = PBXFileReference; fileEncoding = 4; lastKnownFileType = sourcecode.c.h; path = NewEventViewController.h; sourceTree = "<group>"; };
		A3FE41C911811161009CF5D7 /* NewEventViewController.m */ = {isa = PBXFileReference; fileEncoding = 4; lastKnownFileType = sourcecode.c.objc; path = NewEventViewController.m; sourceTree = "<group>"; };
		A3FE41CA11811161009CF5D7 /* NewEventViewController.xib */ = {isa = PBXFileReference; lastKnownFileType = file.xib; name = NewEventViewController.xib; path = Sample/Classes/NewEventViewController.xib; sourceTree = "<group>"; };
		A3FE42181181173B009CF5D7 /* PTPusherChannel.h */ = {isa = PBXFileReference; fileEncoding = 4; lastKnownFileType = sourcecode.c.h; path = PTPusherChannel.h; sourceTree = "<group>"; };
		A3FE42191181173B009CF5D7 /* PTPusherChannel.m */ = {isa = PBXFileReference; fileEncoding = 4; lastKnownFileType = sourcecode.c.objc; path = PTPusherChannel.m; sourceTree = "<group>"; };
		A3FE429B11811EE8009CF5D7 /* NSString+Hashing.h */ = {isa = PBXFileReference; fileEncoding = 4; lastKnownFileType = sourcecode.c.h; path = "NSString+Hashing.h"; sourceTree = "<group>"; };
		A3FE429C11811EE8009CF5D7 /* NSString+Hashing.m */ = {isa = PBXFileReference; fileEncoding = 4; lastKnownFileType = sourcecode.c.objc; path = "NSString+Hashing.m"; sourceTree = "<group>"; };
		A3FE42FF11812541009CF5D7 /* NSDictionary+QueryString.h */ = {isa = PBXFileReference; fileEncoding = 4; lastKnownFileType = sourcecode.c.h; path = "NSDictionary+QueryString.h"; sourceTree = "<group>"; };
		A3FE430011812541009CF5D7 /* NSDictionary+QueryString.m */ = {isa = PBXFileReference; fileEncoding = 4; lastKnownFileType = sourcecode.c.objc; path = "NSDictionary+QueryString.m"; sourceTree = "<group>"; };
		A3FE44881181B8EE009CF5D7 /* PTPusherChannelDelegate.h */ = {isa = PBXFileReference; fileEncoding = 4; lastKnownFileType = sourcecode.c.h; path = PTPusherChannelDelegate.h; sourceTree = "<group>"; };
/* End PBXFileReference section */

/* Begin PBXFrameworksBuildPhase section */
		1D60588F0D05DD3D006BFB54 /* Frameworks */ = {
			isa = PBXFrameworksBuildPhase;
			buildActionMask = 2147483647;
			files = (
				1D60589F0D05DD5A006BFB54 /* Foundation.framework in Frameworks */,
				1DF5F4E00D08C38300B7A737 /* UIKit.framework in Frameworks */,
				288765A50DF7441C002DB57D /* CoreGraphics.framework in Frameworks */,
				A3D1D0B61157CCDE009A12AD /* CFNetwork.framework in Frameworks */,
				A3D1D308115802B2009A12AD /* libPusher.a in Frameworks */,
			);
			runOnlyForDeploymentPostprocessing = 0;
		};
		A3A1A0E8115813E2001EF877 /* Frameworks */ = {
			isa = PBXFrameworksBuildPhase;
			buildActionMask = 2147483647;
			files = (
				A3A1A112115814D0001EF877 /* OCHamcrest.framework in Frameworks */,
				A3A1A15C1158158D001EF877 /* OCMock.framework in Frameworks */,
				A3A1A20111581782001EF877 /* CFNetwork.framework in Frameworks */,
				A3A1A20211581782001EF877 /* Foundation.framework in Frameworks */,
			);
			runOnlyForDeploymentPostprocessing = 0;
		};
		A3D1D2B51158013F009A12AD /* Frameworks */ = {
			isa = PBXFrameworksBuildPhase;
			buildActionMask = 2147483647;
			files = (
			);
			runOnlyForDeploymentPostprocessing = 0;
		};
/* End PBXFrameworksBuildPhase section */

/* Begin PBXGroup section */
		080E96DDFE201D6D7F000001 /* Library */ = {
			isa = PBXGroup;
			children = (
				A3A19FB211580DC8001EF877 /* Unit Tests */,
				A3FE429311811ED6009CF5D7 /* Utility */,
				A3D1D28C1157FA4C009A12AD /* PTEventListener.h */,
				A3D1D28D1157FA4C009A12AD /* PTEventListener.m */,
				A3D1D28E1157FA4C009A12AD /* PTPusher.h */,
				A3D1D28F1157FA4C009A12AD /* PTPusher.m */,
				A3D1D2901157FA4C009A12AD /* PTPusherEvent.h */,
				A3D1D2911157FA4C009A12AD /* PTPusherEvent.m */,
				A3A1A41611582DC3001EF877 /* PTPusherDelegate.h */,
				A3FE42181181173B009CF5D7 /* PTPusherChannel.h */,
				A3FE42191181173B009CF5D7 /* PTPusherChannel.m */,
				A3FE44881181B8EE009CF5D7 /* PTPusherChannelDelegate.h */,
			);
			path = Library;
			sourceTree = "<group>";
		};
		19C28FACFE9D520D11CA2CBB /* Products */ = {
			isa = PBXGroup;
			children = (
				1D6058910D05DD3D006BFB54 /* SampleApp.app */,
				A3D1D2B71158013F009A12AD /* libPusher.a */,
				A3A1A0EB115813E2001EF877 /* UnitTests.octest */,
			);
			name = Products;
			sourceTree = "<group>";
		};
		29B97314FDCFA39411CA2CEA /* CustomTemplate */ = {
			isa = PBXGroup;
			children = (
				A3D1D2711157F961009A12AD /* Sample Application */,
				A3D1D0991157CC3F009A12AD /* Vendor */,
				080E96DDFE201D6D7F000001 /* Library */,
				29B97315FDCFA39411CA2CEA /* Other Sources */,
				29B97323FDCFA39411CA2CEA /* Frameworks */,
				19C28FACFE9D520D11CA2CBB /* Products */,
				A3A19FB911580DD7001EF877 /* UnitTests-Info.plist */,
			);
			name = CustomTemplate;
			sourceTree = "<group>";
		};
		29B97315FDCFA39411CA2CEA /* Other Sources */ = {
			isa = PBXGroup;
			children = (
				A3D1D29B1157FA80009A12AD /* libPusher-Info.plist */,
				32CA4F630368D1EE00C91783 /* libPusher_Prefix.pch */,
				A3A19FBF11580DE9001EF877 /* UnitTests_Prefix.pch */,
			);
			name = "Other Sources";
			sourceTree = "<group>";
		};
		29B97323FDCFA39411CA2CEA /* Frameworks */ = {
			isa = PBXGroup;
			children = (
				A3A1A15B1158158D001EF877 /* OCMock.framework */,
				A3A1A111115814D0001EF877 /* OCHamcrest.framework */,
				A3D1D0B51157CCDE009A12AD /* CFNetwork.framework */,
				1DF5F4DF0D08C38300B7A737 /* UIKit.framework */,
				1D30AB110D05D00D00671497 /* Foundation.framework */,
				288765A40DF7441C002DB57D /* CoreGraphics.framework */,
			);
			name = Frameworks;
			sourceTree = "<group>";
		};
		A3A19FB211580DC8001EF877 /* Unit Tests */ = {
			isa = PBXGroup;
			children = (
				A3A1A41211582D32001EF877 /* PTPusherTest.m */,
			);
			name = "Unit Tests";
			path = "../Unit Tests";
			sourceTree = "<group>";
		};
		A3CDE3B811C93E460051777E /* ZTWebSocket */ = {
			isa = PBXGroup;
			children = (
				A3CDE3BB11C93E580051777E /* ZTLog.h */,
				A3CDE3BC11C93E580051777E /* ZTWebSocket.h */,
				A3CDE3B911C93E4E0051777E /* ZTWebSocket.m */,
			);
			name = ZTWebSocket;
			sourceTree = "<group>";
		};
		A3D1D0991157CC3F009A12AD /* Vendor */ = {
			isa = PBXGroup;
			children = (
				A3CDE3B811C93E460051777E /* ZTWebSocket */,
				A3D1D1171157CF2F009A12AD /* JSON */,
				A3D1D0A01157CC68009A12AD /* AsyncSocket */,
			);
			path = Vendor;
			sourceTree = "<group>";
		};
		A3D1D0A01157CC68009A12AD /* AsyncSocket */ = {
			isa = PBXGroup;
			children = (
				A3D1D0A21157CC68009A12AD /* AsyncSocket.h */,
				A3D1D0A31157CC68009A12AD /* AsyncSocket.m */,
				A3D1D0A41157CC68009A12AD /* AsyncUdpSocket.h */,
				A3D1D0A51157CC68009A12AD /* AsyncUdpSocket.m */,
			);
			path = AsyncSocket;
			sourceTree = "<group>";
		};
		A3D1D1171157CF2F009A12AD /* JSON */ = {
			isa = PBXGroup;
			children = (
				A3D1D1181157CF2F009A12AD /* CREDITS */,
				A3D1D1191157CF2F009A12AD /* JSON.h */,
				A3D1D11A1157CF2F009A12AD /* NSObject+SBJSON.h */,
				A3D1D11B1157CF2F009A12AD /* NSObject+SBJSON.m */,
				A3D1D11C1157CF2F009A12AD /* NSString+SBJSON.h */,
				A3D1D11D1157CF2F009A12AD /* NSString+SBJSON.m */,
				A3D1D11E1157CF2F009A12AD /* SBJSON.h */,
				A3D1D11F1157CF2F009A12AD /* SBJSON.m */,
				A3D1D1201157CF2F009A12AD /* SBJsonBase.h */,
				A3D1D1211157CF2F009A12AD /* SBJsonBase.m */,
				A3D1D1221157CF2F009A12AD /* SBJsonParser.h */,
				A3D1D1231157CF2F009A12AD /* SBJsonParser.m */,
				A3D1D1241157CF2F009A12AD /* SBJsonWriter.h */,
				A3D1D1251157CF2F009A12AD /* SBJsonWriter.m */,
			);
			path = JSON;
			sourceTree = "<group>";
		};
		A3D1D2711157F961009A12AD /* Sample Application */ = {
			isa = PBXGroup;
			children = (
				A30790D911583B7200EBFFF8 /* Constants.h */,
				A3D1D27C1157FA30009A12AD /* Classes */,
				A3D1D2821157FA30009A12AD /* main.m */,
				A3FE41CD1181116C009CF5D7 /* Resources */,
			);
			name = "Sample Application";
			path = Sample;
			sourceTree = "<group>";
		};
		A3D1D27C1157FA30009A12AD /* Classes */ = {
			isa = PBXGroup;
			children = (
				A3D1D27D1157FA30009A12AD /* PusherEventsAppDelegate.h */,
				A3D1D27E1157FA30009A12AD /* PusherEventsAppDelegate.m */,
				A3D1D27F1157FA30009A12AD /* PusherEventsViewController.h */,
				A3D1D2801157FA30009A12AD /* PusherEventsViewController.m */,
				A3FE41C811811161009CF5D7 /* NewEventViewController.h */,
				A3FE41C911811161009CF5D7 /* NewEventViewController.m */,
			);
			path = Classes;
			sourceTree = "<group>";
		};
		A3FE41CD1181116C009CF5D7 /* Resources */ = {
			isa = PBXGroup;
			children = (
				A3FE41CA11811161009CF5D7 /* NewEventViewController.xib */,
				A3D1D2831157FA30009A12AD /* MainWindow.xib */,
				A3D1D2851157FA30009A12AD /* PusherEventsViewController.xib */,
			);
			name = Resources;
			path = ..;
			sourceTree = "<group>";
		};
		A3FE429311811ED6009CF5D7 /* Utility */ = {
			isa = PBXGroup;
			children = (
				A3FE429B11811EE8009CF5D7 /* NSString+Hashing.h */,
				A3FE429C11811EE8009CF5D7 /* NSString+Hashing.m */,
				A3FE42FF11812541009CF5D7 /* NSDictionary+QueryString.h */,
				A3FE430011812541009CF5D7 /* NSDictionary+QueryString.m */,
			);
			name = Utility;
			sourceTree = "<group>";
		};
/* End PBXGroup section */

/* Begin PBXHeadersBuildPhase section */
		A3D1D2B31158013F009A12AD /* Headers */ = {
			isa = PBXHeadersBuildPhase;
			buildActionMask = 2147483647;
			files = (
				A3A1A42A11582F26001EF877 /* PTPusherDelegate.h in Headers */,
				A3D1D2C711580162009A12AD /* PTEventListener.h in Headers */,
				A3D1D2C911580162009A12AD /* PTPusher.h in Headers */,
				A3D1D2CB11580162009A12AD /* PTPusherEvent.h in Headers */,
				A3D1D2CD11580177009A12AD /* JSON.h in Headers */,
				A3D1D2CE11580177009A12AD /* NSObject+SBJSON.h in Headers */,
				A3D1D2D011580177009A12AD /* NSString+SBJSON.h in Headers */,
				A3D1D2D211580177009A12AD /* SBJSON.h in Headers */,
				A3D1D2D411580177009A12AD /* SBJsonBase.h in Headers */,
				A3D1D2D611580177009A12AD /* SBJsonParser.h in Headers */,
				A3D1D2D811580177009A12AD /* SBJsonWriter.h in Headers */,
				A3D1D2DA1158017D009A12AD /* AsyncSocket.h in Headers */,
				A3D1D2DC1158017D009A12AD /* AsyncUdpSocket.h in Headers */,
				A3FE429E11811EEE009CF5D7 /* NSString+Hashing.h in Headers */,
				A3FE44891181B8EE009CF5D7 /* PTPusherChannelDelegate.h in Headers */,
				A3CDE3BD11C93E580051777E /* ZTLog.h in Headers */,
				A3CDE3BE11C93E580051777E /* ZTWebSocket.h in Headers */,
			);
			runOnlyForDeploymentPostprocessing = 0;
		};
/* End PBXHeadersBuildPhase section */

/* Begin PBXNativeTarget section */
		1D6058900D05DD3D006BFB54 /* SampleApp */ = {
			isa = PBXNativeTarget;
			buildConfigurationList = 1D6058960D05DD3E006BFB54 /* Build configuration list for PBXNativeTarget "SampleApp" */;
			buildPhases = (
				1D60588D0D05DD3D006BFB54 /* Resources */,
				1D60588E0D05DD3D006BFB54 /* Sources */,
				1D60588F0D05DD3D006BFB54 /* Frameworks */,
			);
			buildRules = (
			);
			dependencies = (
				A3D1D3031158029F009A12AD /* PBXTargetDependency */,
			);
			name = SampleApp;
			productName = PusherEvents;
			productReference = 1D6058910D05DD3D006BFB54 /* SampleApp.app */;
			productType = "com.apple.product-type.application";
		};
		A3A1A0EA115813E2001EF877 /* UnitTests */ = {
			isa = PBXNativeTarget;
			buildConfigurationList = A3A1A0EF115813F0001EF877 /* Build configuration list for PBXNativeTarget "UnitTests" */;
			buildPhases = (
				A3A1A144115814E9001EF877 /* CopyFiles */,
				A3A1A0E6115813E2001EF877 /* Resources */,
				A3A1A0E7115813E2001EF877 /* Sources */,
				A3A1A0E8115813E2001EF877 /* Frameworks */,
				A3A1A0E9115813E2001EF877 /* ShellScript */,
			);
			buildRules = (
			);
			dependencies = (
			);
			name = UnitTests;
			productName = UnitTests;
			productReference = A3A1A0EB115813E2001EF877 /* UnitTests.octest */;
			productType = "com.apple.product-type.bundle";
		};
		A3D1D2B61158013F009A12AD /* libPusher */ = {
			isa = PBXNativeTarget;
			buildConfigurationList = A3D1D2C411580144009A12AD /* Build configuration list for PBXNativeTarget "libPusher" */;
			buildPhases = (
				A3D1D2B31158013F009A12AD /* Headers */,
				A3D1D2B41158013F009A12AD /* Sources */,
				A3D1D2B51158013F009A12AD /* Frameworks */,
			);
			buildRules = (
			);
			dependencies = (
			);
			name = libPusher;
			productName = libPusher;
			productReference = A3D1D2B71158013F009A12AD /* libPusher.a */;
			productType = "com.apple.product-type.library.static";
		};
/* End PBXNativeTarget section */

/* Begin PBXProject section */
		29B97313FDCFA39411CA2CEA /* Project object */ = {
			isa = PBXProject;
			buildConfigurationList = C01FCF4E08A954540054247B /* Build configuration list for PBXProject "libPusher" */;
			compatibilityVersion = "Xcode 3.1";
			hasScannedForEncodings = 1;
			mainGroup = 29B97314FDCFA39411CA2CEA /* CustomTemplate */;
			projectDirPath = "";
			projectRoot = "";
			targets = (
				1D6058900D05DD3D006BFB54 /* SampleApp */,
				A3D1D2B61158013F009A12AD /* libPusher */,
				A3A1A0EA115813E2001EF877 /* UnitTests */,
			);
		};
/* End PBXProject section */

/* Begin PBXResourcesBuildPhase section */
		1D60588D0D05DD3D006BFB54 /* Resources */ = {
			isa = PBXResourcesBuildPhase;
			buildActionMask = 2147483647;
			files = (
				A3D1D1261157CF2F009A12AD /* CREDITS in Resources */,
				A3D1D2891157FA30009A12AD /* MainWindow.xib in Resources */,
				A3D1D28B1157FA30009A12AD /* PusherEventsViewController.xib in Resources */,
				A3FE41CC11811161009CF5D7 /* NewEventViewController.xib in Resources */,
			);
			runOnlyForDeploymentPostprocessing = 0;
		};
		A3A1A0E6115813E2001EF877 /* Resources */ = {
			isa = PBXResourcesBuildPhase;
			buildActionMask = 2147483647;
			files = (
			);
			runOnlyForDeploymentPostprocessing = 0;
		};
/* End PBXResourcesBuildPhase section */

/* Begin PBXShellScriptBuildPhase section */
		A3A1A0E9115813E2001EF877 /* ShellScript */ = {
			isa = PBXShellScriptBuildPhase;
			buildActionMask = 2147483647;
			files = (
			);
			inputPaths = (
			);
			outputPaths = (
			);
			runOnlyForDeploymentPostprocessing = 0;
			shellPath = /bin/sh;
			shellScript = "# Run the unit tests in this test bundle.\n\"${SYSTEM_DEVELOPER_DIR}/Tools/RunUnitTests\"\n";
		};
/* End PBXShellScriptBuildPhase section */

/* Begin PBXSourcesBuildPhase section */
		1D60588E0D05DD3D006BFB54 /* Sources */ = {
			isa = PBXSourcesBuildPhase;
			buildActionMask = 2147483647;
			files = (
				A3D1D2861157FA30009A12AD /* PusherEventsAppDelegate.m in Sources */,
				A3D1D2871157FA30009A12AD /* PusherEventsViewController.m in Sources */,
				A3D1D2881157FA30009A12AD /* main.m in Sources */,
				A3FE41CB11811161009CF5D7 /* NewEventViewController.m in Sources */,
			);
			runOnlyForDeploymentPostprocessing = 0;
		};
		A3A1A0E7115813E2001EF877 /* Sources */ = {
			isa = PBXSourcesBuildPhase;
			buildActionMask = 2147483647;
			files = (
				A3A1A1961158175A001EF877 /* PTEventListener.m in Sources */,
				A3A1A1981158175A001EF877 /* PTPusher.m in Sources */,
				A3A1A19A1158175A001EF877 /* PTPusherEvent.m in Sources */,
				A3A1A19D11581776001EF877 /* NSObject+SBJSON.m in Sources */,
				A3A1A19E11581776001EF877 /* NSString+SBJSON.m in Sources */,
				A3A1A19F11581776001EF877 /* SBJSON.m in Sources */,
				A3A1A1A011581776001EF877 /* SBJsonBase.m in Sources */,
				A3A1A1A111581776001EF877 /* SBJsonParser.m in Sources */,
				A3A1A1A211581776001EF877 /* SBJsonWriter.m in Sources */,
				A3A1A1A311581776001EF877 /* AsyncSocket.m in Sources */,
				A3A1A41311582D32001EF877 /* PTPusherTest.m in Sources */,
				A3FE44751181B7FC009CF5D7 /* PTPusherChannel.m in Sources */,
			);
			runOnlyForDeploymentPostprocessing = 0;
		};
		A3D1D2B41158013F009A12AD /* Sources */ = {
			isa = PBXSourcesBuildPhase;
			buildActionMask = 2147483647;
			files = (
				A3FE44E71181C3C5009CF5D7 /* NSDictionary+QueryString.m in Sources */,
				A3D1D2C811580162009A12AD /* PTEventListener.m in Sources */,
				A3D1D2CA11580162009A12AD /* PTPusher.m in Sources */,
				A3D1D2CC11580162009A12AD /* PTPusherEvent.m in Sources */,
				A3D1D2CF11580177009A12AD /* NSObject+SBJSON.m in Sources */,
				A3D1D2D111580177009A12AD /* NSString+SBJSON.m in Sources */,
				A3D1D2D311580177009A12AD /* SBJSON.m in Sources */,
				A3D1D2D511580177009A12AD /* SBJsonBase.m in Sources */,
				A3D1D2D711580177009A12AD /* SBJsonParser.m in Sources */,
				A3D1D2D911580177009A12AD /* SBJsonWriter.m in Sources */,
				A3D1D2DB1158017D009A12AD /* AsyncSocket.m in Sources */,
				A3D1D2DD1158017D009A12AD /* AsyncUdpSocket.m in Sources */,
				A3FE429F11811EEE009CF5D7 /* NSString+Hashing.m in Sources */,
				A3FE44761181B7FE009CF5D7 /* PTPusherChannel.m in Sources */,
				A3CDE3BA11C93E4E0051777E /* ZTWebSocket.m in Sources */,
			);
			runOnlyForDeploymentPostprocessing = 0;
		};
/* End PBXSourcesBuildPhase section */

/* Begin PBXTargetDependency section */
		A3D1D3031158029F009A12AD /* PBXTargetDependency */ = {
			isa = PBXTargetDependency;
			target = A3D1D2B61158013F009A12AD /* libPusher */;
			targetProxy = A3D1D3021158029F009A12AD /* PBXContainerItemProxy */;
		};
/* End PBXTargetDependency section */

/* Begin XCBuildConfiguration section */
		1D6058940D05DD3E006BFB54 /* Debug */ = {
			isa = XCBuildConfiguration;
			buildSettings = {
				ALWAYS_SEARCH_USER_PATHS = NO;
				COPY_PHASE_STRIP = NO;
				GCC_DYNAMIC_NO_PIC = NO;
				GCC_OPTIMIZATION_LEVEL = 0;
				GCC_PRECOMPILE_PREFIX_HEADER = YES;
				GCC_PREFIX_HEADER = libPusher_Prefix.pch;
				INFOPLIST_FILE = "libPusher-Info.plist";
				OTHER_LDFLAGS = "-all_load";
				PRODUCT_NAME = SampleApp;
			};
			name = Debug;
		};
		1D6058950D05DD3E006BFB54 /* Release */ = {
			isa = XCBuildConfiguration;
			buildSettings = {
				ALWAYS_SEARCH_USER_PATHS = NO;
				COPY_PHASE_STRIP = YES;
				GCC_PRECOMPILE_PREFIX_HEADER = YES;
				GCC_PREFIX_HEADER = libPusher_Prefix.pch;
				INFOPLIST_FILE = "libPusher-Info.plist";
				OTHER_LDFLAGS = "-all_load";
				PRODUCT_NAME = SampleApp;
			};
			name = Release;
		};
		A3A1A0EC115813E3001EF877 /* Debug */ = {
			isa = XCBuildConfiguration;
			buildSettings = {
				ALWAYS_SEARCH_USER_PATHS = NO;
				COPY_PHASE_STRIP = NO;
				FRAMEWORK_SEARCH_PATHS = (
					"\"$(SDKROOT)/Developer/Library/Frameworks\"",
					"\"$(DEVELOPER_LIBRARY_DIR)/Frameworks\"",
					"\"$(SRCROOT)/Frameworks\"",
				);
				GCC_DYNAMIC_NO_PIC = NO;
				GCC_ENABLE_FIX_AND_CONTINUE = NO;
				GCC_ENABLE_OBJC_EXCEPTIONS = YES;
				GCC_OPTIMIZATION_LEVEL = 0;
				GCC_PREFIX_HEADER = UnitTests_Prefix.pch;
				INFOPLIST_FILE = "UnitTests-Info.plist";
				OTHER_LDFLAGS = (
					"-framework",
					Foundation,
					"-framework",
					SenTestingKit,
					"-framework",
					UIKit,
				);
				PREBINDING = NO;
				PRODUCT_NAME = UnitTests;
				WRAPPER_EXTENSION = octest;
			};
			name = Debug;
		};
		A3A1A0ED115813E3001EF877 /* Release */ = {
			isa = XCBuildConfiguration;
			buildSettings = {
				ALWAYS_SEARCH_USER_PATHS = NO;
				COPY_PHASE_STRIP = YES;
				DEBUG_INFORMATION_FORMAT = "dwarf-with-dsym";
				FRAMEWORK_SEARCH_PATHS = (
					"\"$(SDKROOT)/Developer/Library/Frameworks\"",
					"\"$(DEVELOPER_LIBRARY_DIR)/Frameworks\"",
					"\"$(SRCROOT)/Frameworks\"",
				);
				GCC_ENABLE_FIX_AND_CONTINUE = NO;
				GCC_ENABLE_OBJC_EXCEPTIONS = YES;
				INFOPLIST_FILE = "UnitTests-Info.plist";
				OTHER_LDFLAGS = (
					"-framework",
					Foundation,
					"-framework",
					SenTestingKit,
					"-framework",
					UIKit,
				);
				PREBINDING = NO;
				PRODUCT_NAME = UnitTests;
				WRAPPER_EXTENSION = octest;
				ZERO_LINK = NO;
			};
			name = Release;
		};
		A3D1D2B811580140009A12AD /* Debug */ = {
			isa = XCBuildConfiguration;
			buildSettings = {
				ALWAYS_SEARCH_USER_PATHS = NO;
				COPY_PHASE_STRIP = NO;
				GCC_DYNAMIC_NO_PIC = NO;
				GCC_OPTIMIZATION_LEVEL = 0;
				PREBINDING = NO;
				PRODUCT_NAME = Pusher;
			};
			name = Debug;
		};
		A3D1D2B911580140009A12AD /* Release */ = {
			isa = XCBuildConfiguration;
			buildSettings = {
				ALWAYS_SEARCH_USER_PATHS = NO;
				COPY_PHASE_STRIP = YES;
				DEBUG_INFORMATION_FORMAT = "dwarf-with-dsym";
				GCC_ENABLE_FIX_AND_CONTINUE = NO;
				PREBINDING = NO;
				PRODUCT_NAME = Pusher;
				ZERO_LINK = NO;
			};
			name = Release;
		};
		C01FCF4F08A954540054247B /* Debug */ = {
			isa = XCBuildConfiguration;
			buildSettings = {
				ARCHS = "$(ARCHS_STANDARD_32_BIT)";
				"CODE_SIGN_IDENTITY[sdk=iphoneos*]" = "iPhone Developer";
				GCC_C_LANGUAGE_STANDARD = c99;
				GCC_WARN_ABOUT_RETURN_TYPE = YES;
				GCC_WARN_UNUSED_VARIABLE = YES;
				IPHONEOS_DEPLOYMENT_TARGET = 3.0;
				PREBINDING = NO;
				SDKROOT = iphoneos4.0;
			};
			name = Debug;
		};
		C01FCF5008A954540054247B /* Release */ = {
			isa = XCBuildConfiguration;
			buildSettings = {
				ARCHS = "$(ARCHS_STANDARD_32_BIT)";
				"CODE_SIGN_IDENTITY[sdk=iphoneos*]" = "iPhone Developer";
				GCC_C_LANGUAGE_STANDARD = c99;
				GCC_WARN_ABOUT_RETURN_TYPE = YES;
				GCC_WARN_UNUSED_VARIABLE = YES;
				IPHONEOS_DEPLOYMENT_TARGET = 3.0;
				PREBINDING = NO;
				SDKROOT = iphoneos4.0;
			};
			name = Release;
		};
/* End XCBuildConfiguration section */

/* Begin XCConfigurationList section */
		1D6058960D05DD3E006BFB54 /* Build configuration list for PBXNativeTarget "SampleApp" */ = {
			isa = XCConfigurationList;
			buildConfigurations = (
				1D6058940D05DD3E006BFB54 /* Debug */,
				1D6058950D05DD3E006BFB54 /* Release */,
			);
			defaultConfigurationIsVisible = 0;
			defaultConfigurationName = Release;
		};
		A3A1A0EF115813F0001EF877 /* Build configuration list for PBXNativeTarget "UnitTests" */ = {
			isa = XCConfigurationList;
			buildConfigurations = (
				A3A1A0EC115813E3001EF877 /* Debug */,
				A3A1A0ED115813E3001EF877 /* Release */,
			);
			defaultConfigurationIsVisible = 0;
			defaultConfigurationName = Release;
		};
		A3D1D2C411580144009A12AD /* Build configuration list for PBXNativeTarget "libPusher" */ = {
			isa = XCConfigurationList;
			buildConfigurations = (
				A3D1D2B811580140009A12AD /* Debug */,
				A3D1D2B911580140009A12AD /* Release */,
			);
			defaultConfigurationIsVisible = 0;
			defaultConfigurationName = Release;
		};
		C01FCF4E08A954540054247B /* Build configuration list for PBXProject "libPusher" */ = {
			isa = XCConfigurationList;
			buildConfigurations = (
				C01FCF4F08A954540054247B /* Debug */,
				C01FCF5008A954540054247B /* Release */,
			);
			defaultConfigurationIsVisible = 0;
			defaultConfigurationName = Release;
		};
/* End XCConfigurationList section */
	};
	rootObject = 29B97313FDCFA39411CA2CEA /* Project object */;
}
