<?xml version="1.0" encoding="UTF-8"?>
<!DOCTYPE plist PUBLIC "-//Apple//DTD PLIST 1.0//EN" "http://www.apple.com/DTDs/PropertyList-1.0.dtd">
<plist version="1.0">
<dict>
	<key>archiveVersion</key>
	<string>1</string>
	<key>classes</key>
	<dict/>
	<key>objectVersion</key>
	<string>46</string>
	<key>objects</key>
	<dict>
		<key>009E68D1E15E43B3BDAB74B0</key>
		<dict>
			<key>fileRef</key>
			<string>716CF9036AED411BB87C148E</string>
			<key>isa</key>
			<string>PBXBuildFile</string>
		</dict>
		<key>067D5CC8DAD6460D9E897084</key>
		<dict>
			<key>buildActionMask</key>
			<string>2147483647</string>
			<key>files</key>
			<array/>
			<key>inputPaths</key>
			<array/>
			<key>isa</key>
			<string>PBXShellScriptBuildPhase</string>
			<key>name</key>
			<string>Copy Pods Resources</string>
			<key>outputPaths</key>
			<array/>
			<key>runOnlyForDeploymentPostprocessing</key>
			<string>0</string>
			<key>shellPath</key>
			<string>/bin/sh</string>
			<key>shellScript</key>
			<string>"${SRCROOT}/Pods/Pods-resources.sh"
</string>
		</dict>
		<key>080E96DDFE201D6D7F000001</key>
		<dict>
			<key>children</key>
			<array>
				<string>A3173757155D2D12007E4BBA</string>
				<string>A37E167314E572C900DCA3A6</string>
				<string>A35281E613F7524C000687C0</string>
				<string>A35281D813F73C42000687C0</string>
				<string>A3FE429311811ED6009CF5D7</string>
				<string>A3D1D28C1157FA4C009A12AD</string>
				<string>A3D1D28E1157FA4C009A12AD</string>
				<string>A3D1D28F1157FA4C009A12AD</string>
				<string>A35281D213F72E03000687C0</string>
				<string>A3D1D2901157FA4C009A12AD</string>
				<string>A3D1D2911157FA4C009A12AD</string>
				<string>A35281D413F736DF000687C0</string>
				<string>A35281D513F736DF000687C0</string>
				<string>A3A1A41611582DC3001EF877</string>
				<string>A3FE42181181173B009CF5D7</string>
				<string>A3FE42191181173B009CF5D7</string>
				<string>A3AC28C113F76C50001C4808</string>
				<string>A3AC28C213F76C50001C4808</string>
				<string>A35281CE13F721A8000687C0</string>
				<string>A35281CF13F721A8000687C0</string>
				<string>A39E238613F7E3FD0083CAD7</string>
				<string>A39E238A13F7E85C0083CAD7</string>
			</array>
			<key>isa</key>
			<string>PBXGroup</string>
			<key>path</key>
			<string>Library</string>
			<key>sourceTree</key>
			<string>&lt;group&gt;</string>
		</dict>
		<key>19C28FACFE9D520D11CA2CBB</key>
		<dict>
			<key>children</key>
			<array>
				<string>1D6058910D05DD3D006BFB54</string>
				<string>A3D1D2B71158013F009A12AD</string>
				<string>A3A1A0EB115813E2001EF877</string>
				<string>A3A9F9581496E96100F83617</string>
			</array>
			<key>isa</key>
			<string>PBXGroup</string>
			<key>name</key>
			<string>Products</string>
			<key>sourceTree</key>
			<string>&lt;group&gt;</string>
		</dict>
		<key>1D30AB110D05D00D00671497</key>
		<dict>
			<key>includeInIndex</key>
			<string>1</string>
			<key>isa</key>
			<string>PBXFileReference</string>
			<key>lastKnownFileType</key>
			<string>wrapper.framework</string>
			<key>name</key>
			<string>Foundation.framework</string>
			<key>path</key>
			<string>System/Library/Frameworks/Foundation.framework</string>
			<key>sourceTree</key>
			<string>SDKROOT</string>
		</dict>
		<key>1D60588D0D05DD3D006BFB54</key>
		<dict>
			<key>buildActionMask</key>
			<string>2147483647</string>
			<key>files</key>
			<array>
				<string>A3D1D2891157FA30009A12AD</string>
				<string>A3D1D28B1157FA30009A12AD</string>
				<string>A3FE41CC11811161009CF5D7</string>
			</array>
			<key>isa</key>
			<string>PBXResourcesBuildPhase</string>
			<key>runOnlyForDeploymentPostprocessing</key>
			<string>0</string>
		</dict>
		<key>1D60588E0D05DD3D006BFB54</key>
		<dict>
			<key>buildActionMask</key>
			<string>2147483647</string>
			<key>files</key>
			<array>
				<string>A3D1D2861157FA30009A12AD</string>
				<string>A3D1D2871157FA30009A12AD</string>
				<string>A3D1D2881157FA30009A12AD</string>
				<string>A3FE41CB11811161009CF5D7</string>
				<string>A39E238913F7E6AB0083CAD7</string>
				<string>A3698FF213FF0A7A005CF130</string>
				<string>A3698FFF13FF200C005CF130</string>
				<string>A37E15EA14E4BBBA00DCA3A6</string>
				<string>A314A2B514EFFF0400918BEA</string>
			</array>
			<key>isa</key>
			<string>PBXSourcesBuildPhase</string>
			<key>runOnlyForDeploymentPostprocessing</key>
			<string>0</string>
		</dict>
		<key>1D60588F0D05DD3D006BFB54</key>
		<dict>
			<key>buildActionMask</key>
			<string>2147483647</string>
			<key>files</key>
			<array>
				<string>A35D712C153468D800A7EA77</string>
				<string>A37E160814E4C87500DCA3A6</string>
				<string>1D60589F0D05DD5A006BFB54</string>
				<string>1DF5F4E00D08C38300B7A737</string>
				<string>288765A50DF7441C002DB57D</string>
				<string>A3D1D0B61157CCDE009A12AD</string>
				<string>D88984511CE9491889621DE8</string>
			</array>
			<key>isa</key>
			<string>PBXFrameworksBuildPhase</string>
			<key>runOnlyForDeploymentPostprocessing</key>
			<string>0</string>
		</dict>
		<key>1D6058900D05DD3D006BFB54</key>
		<dict>
			<key>buildConfigurationList</key>
			<string>1D6058960D05DD3E006BFB54</string>
			<key>buildPhases</key>
			<array>
				<string>1D60588D0D05DD3D006BFB54</string>
				<string>1D60588E0D05DD3D006BFB54</string>
				<string>1D60588F0D05DD3D006BFB54</string>
				<string>7AC8136E21754BFEB4029864</string>
				<string>067D5CC8DAD6460D9E897084</string>
				<string>3A211CF57DAC4E938DA4FD9D</string>
				<string>8E36B64CB84E4C429428A183</string>
			</array>
			<key>buildRules</key>
			<array/>
			<key>dependencies</key>
			<array>
				<string>A3D1D3031158029F009A12AD</string>
			</array>
			<key>isa</key>
			<string>PBXNativeTarget</string>
			<key>name</key>
			<string>SampleApp</string>
			<key>productName</key>
			<string>PusherEvents</string>
			<key>productReference</key>
			<string>1D6058910D05DD3D006BFB54</string>
			<key>productType</key>
			<string>com.apple.product-type.application</string>
		</dict>
		<key>1D6058910D05DD3D006BFB54</key>
		<dict>
			<key>explicitFileType</key>
			<string>wrapper.application</string>
			<key>includeInIndex</key>
			<string>0</string>
			<key>isa</key>
			<string>PBXFileReference</string>
			<key>name</key>
			<string>SampleApp.app</string>
			<key>path</key>
			<string>SampleApp.app</string>
			<key>sourceTree</key>
			<string>BUILT_PRODUCTS_DIR</string>
		</dict>
		<key>1D6058940D05DD3E006BFB54</key>
		<dict>
			<key>baseConfigurationReference</key>
			<string>56F92C130BB943BE82FA3291</string>
			<key>buildSettings</key>
			<dict>
				<key>ALWAYS_SEARCH_USER_PATHS</key>
				<string>NO</string>
				<key>CLANG_ENABLE_OBJC_ARC</key>
				<string>YES</string>
				<key>COPY_PHASE_STRIP</key>
				<string>NO</string>
				<key>DSTROOT</key>
				<string>/tmp/xcodeproj.dst</string>
				<key>GCC_DYNAMIC_NO_PIC</key>
				<string>NO</string>
				<key>GCC_OPTIMIZATION_LEVEL</key>
				<string>0</string>
				<key>GCC_PRECOMPILE_PREFIX_HEADER</key>
				<string>YES</string>
				<key>GCC_PREFIX_HEADER</key>
				<string>libPusher_Prefix.pch</string>
				<key>GCC_VERSION</key>
				<string>com.apple.compilers.llvm.clang.1_0</string>
				<key>INFOPLIST_FILE</key>
				<string>libPusher-Info.plist</string>
				<key>PRODUCT_NAME</key>
				<string>SampleApp</string>
				<key>SKIP_INSTALL</key>
				<string>YES</string>
			</dict>
			<key>isa</key>
			<string>XCBuildConfiguration</string>
			<key>name</key>
			<string>Debug</string>
		</dict>
		<key>1D6058950D05DD3E006BFB54</key>
		<dict>
			<key>baseConfigurationReference</key>
			<string>56F92C130BB943BE82FA3291</string>
			<key>buildSettings</key>
			<dict>
				<key>ALWAYS_SEARCH_USER_PATHS</key>
				<string>NO</string>
				<key>CLANG_ENABLE_OBJC_ARC</key>
				<string>YES</string>
				<key>COPY_PHASE_STRIP</key>
				<string>YES</string>
				<key>DSTROOT</key>
				<string>/tmp/xcodeproj.dst</string>
				<key>GCC_PRECOMPILE_PREFIX_HEADER</key>
				<string>YES</string>
				<key>GCC_PREFIX_HEADER</key>
				<string>libPusher_Prefix.pch</string>
				<key>GCC_VERSION</key>
				<string>com.apple.compilers.llvm.clang.1_0</string>
				<key>INFOPLIST_FILE</key>
				<string>libPusher-Info.plist</string>
				<key>PRODUCT_NAME</key>
				<string>SampleApp</string>
				<key>SKIP_INSTALL</key>
				<string>YES</string>
			</dict>
			<key>isa</key>
			<string>XCBuildConfiguration</string>
			<key>name</key>
			<string>Release</string>
		</dict>
		<key>1D6058960D05DD3E006BFB54</key>
		<dict>
			<key>buildConfigurations</key>
			<array>
				<string>1D6058940D05DD3E006BFB54</string>
				<string>1D6058950D05DD3E006BFB54</string>
			</array>
			<key>defaultConfigurationIsVisible</key>
			<string>0</string>
			<key>defaultConfigurationName</key>
			<string>Release</string>
			<key>isa</key>
			<string>XCConfigurationList</string>
		</dict>
		<key>1D60589F0D05DD5A006BFB54</key>
		<dict>
			<key>fileRef</key>
			<string>1D30AB110D05D00D00671497</string>
			<key>isa</key>
			<string>PBXBuildFile</string>
		</dict>
		<key>1DF5F4DF0D08C38300B7A737</key>
		<dict>
			<key>includeInIndex</key>
			<string>1</string>
			<key>isa</key>
			<string>PBXFileReference</string>
			<key>lastKnownFileType</key>
			<string>wrapper.framework</string>
			<key>name</key>
			<string>UIKit.framework</string>
			<key>path</key>
			<string>System/Library/Frameworks/UIKit.framework</string>
			<key>sourceTree</key>
			<string>SDKROOT</string>
		</dict>
		<key>1DF5F4E00D08C38300B7A737</key>
		<dict>
			<key>fileRef</key>
			<string>1DF5F4DF0D08C38300B7A737</string>
			<key>isa</key>
			<string>PBXBuildFile</string>
		</dict>
		<key>288765A40DF7441C002DB57D</key>
		<dict>
			<key>includeInIndex</key>
			<string>1</string>
			<key>isa</key>
			<string>PBXFileReference</string>
			<key>lastKnownFileType</key>
			<string>wrapper.framework</string>
			<key>name</key>
			<string>CoreGraphics.framework</string>
			<key>path</key>
			<string>System/Library/Frameworks/CoreGraphics.framework</string>
			<key>sourceTree</key>
			<string>SDKROOT</string>
		</dict>
		<key>288765A50DF7441C002DB57D</key>
		<dict>
			<key>fileRef</key>
			<string>288765A40DF7441C002DB57D</string>
			<key>isa</key>
			<string>PBXBuildFile</string>
		</dict>
		<key>29B97313FDCFA39411CA2CEA</key>
		<dict>
			<key>attributes</key>
			<dict>
				<key>LastUpgradeCheck</key>
				<string>0450</string>
			</dict>
			<key>buildConfigurationList</key>
			<string>C01FCF4E08A954540054247B</string>
			<key>compatibilityVersion</key>
			<string>Xcode 3.2</string>
			<key>developmentRegion</key>
			<string>English</string>
			<key>hasScannedForEncodings</key>
			<string>1</string>
			<key>isa</key>
			<string>PBXProject</string>
			<key>knownRegions</key>
			<array>
				<string>en</string>
			</array>
			<key>mainGroup</key>
			<string>29B97314FDCFA39411CA2CEA</string>
			<key>projectDirPath</key>
			<string></string>
			<key>projectRoot</key>
			<string></string>
			<key>targets</key>
			<array>
				<string>1D6058900D05DD3D006BFB54</string>
				<string>A3D1D2B61158013F009A12AD</string>
				<string>A3A1A0EA115813E2001EF877</string>
				<string>A3A9F9571496E96100F83617</string>
			</array>
		</dict>
		<key>29B97314FDCFA39411CA2CEA</key>
		<dict>
			<key>children</key>
			<array>
				<string>A3D1D2711157F961009A12AD</string>
				<string>A3D1D0991157CC3F009A12AD</string>
				<string>080E96DDFE201D6D7F000001</string>
				<string>A3A19FB211580DC8001EF877</string>
				<string>A3A9F95D1496E96100F83617</string>
				<string>29B97323FDCFA39411CA2CEA</string>
				<string>19C28FACFE9D520D11CA2CBB</string>
				<string>29B97315FDCFA39411CA2CEA</string>
				<string>A3A19FB911580DD7001EF877</string>
				<string>A315780A14D0751C000136A9</string>
				<string>A31577F714D0731B000136A9</string>
				<string>56F92C130BB943BE82FA3291</string>
				<string>3091749622A8462286EACD4D</string>
				<string>2B0E62F94EA541AC9608C8A7</string>
			</array>
			<key>isa</key>
			<string>PBXGroup</string>
			<key>name</key>
			<string>CustomTemplate</string>
			<key>sourceTree</key>
			<string>&lt;group&gt;</string>
		</dict>
		<key>29B97315FDCFA39411CA2CEA</key>
		<dict>
			<key>children</key>
			<array>
				<string>A3D1D29B1157FA80009A12AD</string>
				<string>32CA4F630368D1EE00C91783</string>
				<string>A3A19FBF11580DE9001EF877</string>
			</array>
			<key>isa</key>
			<string>PBXGroup</string>
			<key>name</key>
			<string>Other Sources</string>
			<key>sourceTree</key>
			<string>&lt;group&gt;</string>
		</dict>
		<key>29B97323FDCFA39411CA2CEA</key>
		<dict>
			<key>children</key>
			<array>
				<string>3F700C4637DC43EFA335D40F</string>
				<string>A366E53314FD8604002F0C39</string>
				<string>A366E53014FD85EB002F0C39</string>
				<string>A37E160714E4C87500DCA3A6</string>
				<string>A37E158814E4997700DCA3A6</string>
				<string>A3A1A111115814D0001EF877</string>
				<string>A3D1D0B51157CCDE009A12AD</string>
				<string>1DF5F4DF0D08C38300B7A737</string>
				<string>1D30AB110D05D00D00671497</string>
				<string>288765A40DF7441C002DB57D</string>
				<string>A3A9F9591496E96100F83617</string>
				<string>F1A8F1FD27B9464DAC1AADB5</string>
				<string>716CF9036AED411BB87C148E</string>
				<string>34CD0B6EB8B94D28B0AEC265</string>
			</array>
			<key>isa</key>
			<string>PBXGroup</string>
			<key>name</key>
			<string>Frameworks</string>
			<key>sourceTree</key>
			<string>&lt;group&gt;</string>
		</dict>
		<key>2B0E62F94EA541AC9608C8A7</key>
		<dict>
			<key>includeInIndex</key>
			<string>1</string>
			<key>isa</key>
			<string>PBXFileReference</string>
			<key>lastKnownFileType</key>
			<string>text.xcconfig</string>
			<key>name</key>
			<string>Pods-specs.xcconfig</string>
			<key>path</key>
			<string>Pods/Pods-specs.xcconfig</string>
			<key>sourceTree</key>
			<string>SOURCE_ROOT</string>
		</dict>
		<key>3091749622A8462286EACD4D</key>
		<dict>
			<key>includeInIndex</key>
			<string>1</string>
			<key>isa</key>
			<string>PBXFileReference</string>
			<key>lastKnownFileType</key>
			<string>text.xcconfig</string>
			<key>name</key>
			<string>Pods-specs.xcconfig</string>
			<key>path</key>
			<string>Pods/Pods-specs.xcconfig</string>
			<key>sourceTree</key>
			<string>SOURCE_ROOT</string>
		</dict>
		<key>32CA4F630368D1EE00C91783</key>
		<dict>
			<key>fileEncoding</key>
			<string>4</string>
			<key>isa</key>
			<string>PBXFileReference</string>
			<key>lastKnownFileType</key>
			<string>sourcecode.c.h</string>
			<key>path</key>
			<string>libPusher_Prefix.pch</string>
			<key>sourceTree</key>
			<string>&lt;group&gt;</string>
		</dict>
		<key>34CD0B6EB8B94D28B0AEC265</key>
		<dict>
			<key>explicitFileType</key>
			<string>archive.ar</string>
			<key>includeInIndex</key>
			<string>0</string>
			<key>isa</key>
			<string>PBXFileReference</string>
			<key>name</key>
			<string>libPods-specs.a</string>
			<key>path</key>
			<string>libPods-specs.a</string>
			<key>sourceTree</key>
			<string>BUILT_PRODUCTS_DIR</string>
		</dict>
		<key>3A211CF57DAC4E938DA4FD9D</key>
		<dict>
			<key>buildActionMask</key>
			<string>2147483647</string>
			<key>files</key>
			<array/>
			<key>inputPaths</key>
			<array/>
			<key>isa</key>
			<string>PBXShellScriptBuildPhase</string>
			<key>name</key>
			<string>Copy Pods Resources</string>
			<key>outputPaths</key>
			<array/>
			<key>runOnlyForDeploymentPostprocessing</key>
			<string>0</string>
			<key>shellPath</key>
			<string>/bin/sh</string>
			<key>shellScript</key>
			<string>"${SRCROOT}/Pods/Pods-resources.sh"
</string>
		</dict>
		<key>3F700C4637DC43EFA335D40F</key>
		<dict>
			<key>explicitFileType</key>
			<string>archive.ar</string>
			<key>includeInIndex</key>
			<string>0</string>
			<key>isa</key>
			<string>PBXFileReference</string>
			<key>path</key>
			<string>libPods.a</string>
			<key>sourceTree</key>
			<string>BUILT_PRODUCTS_DIR</string>
		</dict>
		<key>56F92C130BB943BE82FA3291</key>
		<dict>
			<key>includeInIndex</key>
			<string>1</string>
			<key>isa</key>
			<string>PBXFileReference</string>
			<key>lastKnownFileType</key>
			<string>text.xcconfig</string>
			<key>name</key>
			<string>Pods.xcconfig</string>
			<key>path</key>
			<string>Pods/Pods.xcconfig</string>
			<key>sourceTree</key>
			<string>SOURCE_ROOT</string>
		</dict>
		<key>6C588AA871274CF793008996</key>
		<dict>
			<key>buildActionMask</key>
			<string>2147483647</string>
			<key>files</key>
			<array/>
			<key>inputPaths</key>
			<array/>
			<key>isa</key>
			<string>PBXShellScriptBuildPhase</string>
			<key>name</key>
			<string>Copy Pods Resources</string>
			<key>outputPaths</key>
			<array/>
			<key>runOnlyForDeploymentPostprocessing</key>
			<string>0</string>
			<key>shellPath</key>
			<string>/bin/sh</string>
			<key>shellScript</key>
			<string>"${SRCROOT}/Pods/Pods-specs-resources.sh"
</string>
		</dict>
		<key>6D926C9364F64493B0A7BE5A</key>
		<dict>
			<key>fileRef</key>
			<string>34CD0B6EB8B94D28B0AEC265</string>
			<key>isa</key>
			<string>PBXBuildFile</string>
		</dict>
		<key>716CF9036AED411BB87C148E</key>
		<dict>
			<key>explicitFileType</key>
			<string>archive.ar</string>
			<key>includeInIndex</key>
			<string>0</string>
			<key>isa</key>
			<string>PBXFileReference</string>
			<key>name</key>
			<string>libPods-specs.a</string>
			<key>path</key>
			<string>libPods-specs.a</string>
			<key>sourceTree</key>
			<string>BUILT_PRODUCTS_DIR</string>
		</dict>
		<key>7AC8136E21754BFEB4029864</key>
		<dict>
			<key>buildActionMask</key>
			<string>2147483647</string>
			<key>files</key>
			<array/>
			<key>inputPaths</key>
			<array/>
			<key>isa</key>
			<string>PBXShellScriptBuildPhase</string>
			<key>name</key>
			<string>Copy Pods Resources</string>
			<key>outputPaths</key>
			<array/>
			<key>runOnlyForDeploymentPostprocessing</key>
			<string>0</string>
			<key>shellPath</key>
			<string>/bin/sh</string>
			<key>shellScript</key>
			<string>"${SRCROOT}/Pods/Pods-resources.sh"
</string>
			<key>showEnvVarsInLog</key>
			<string>0</string>
		</dict>
		<key>8E36B64CB84E4C429428A183</key>
		<dict>
			<key>buildActionMask</key>
			<string>2147483647</string>
			<key>files</key>
			<array/>
			<key>inputPaths</key>
			<array/>
			<key>isa</key>
			<string>PBXShellScriptBuildPhase</string>
			<key>name</key>
			<string>Copy Pods Resources</string>
			<key>outputPaths</key>
			<array/>
			<key>runOnlyForDeploymentPostprocessing</key>
			<string>0</string>
			<key>shellPath</key>
			<string>/bin/sh</string>
			<key>shellScript</key>
			<string>"${SRCROOT}/Pods/Pods-resources.sh"
</string>
		</dict>
		<key>A30575CE15233C1200DA19BD</key>
		<dict>
			<key>fileEncoding</key>
			<string>4</string>
			<key>isa</key>
			<string>PBXFileReference</string>
			<key>lastKnownFileType</key>
			<string>sourcecode.c.objc</string>
			<key>path</key>
			<string>PTPusherPresenceChannelSpec.m</string>
			<key>sourceTree</key>
			<string>&lt;group&gt;</string>
		</dict>
		<key>A30575D115233CC800DA19BD</key>
		<dict>
			<key>fileRef</key>
			<string>A30575CE15233C1200DA19BD</string>
			<key>isa</key>
			<string>PBXBuildFile</string>
		</dict>
		<key>A30790D911583B7200EBFFF8</key>
		<dict>
			<key>fileEncoding</key>
			<string>4</string>
			<key>isa</key>
			<string>PBXFileReference</string>
			<key>lastKnownFileType</key>
			<string>sourcecode.c.h</string>
			<key>path</key>
			<string>Constants.h</string>
			<key>sourceTree</key>
			<string>&lt;group&gt;</string>
		</dict>
		<key>A309500F1525C236008F695B</key>
		<dict>
			<key>isa</key>
			<string>PBXFileReference</string>
			<key>lastKnownFileType</key>
			<string>sourcecode.c.h</string>
			<key>path</key>
			<string>PTJSONParser.h</string>
			<key>sourceTree</key>
			<string>&lt;group&gt;</string>
		</dict>
		<key>A30950111525C272008F695B</key>
		<dict>
			<key>fileEncoding</key>
			<string>4</string>
			<key>isa</key>
			<string>PBXFileReference</string>
			<key>lastKnownFileType</key>
			<string>sourcecode.c.h</string>
			<key>path</key>
			<string>PTJSON.h</string>
			<key>sourceTree</key>
			<string>&lt;group&gt;</string>
		</dict>
		<key>A30950121525C272008F695B</key>
		<dict>
			<key>fileEncoding</key>
			<string>4</string>
			<key>isa</key>
			<string>PBXFileReference</string>
			<key>lastKnownFileType</key>
			<string>sourcecode.c.objc</string>
			<key>path</key>
			<string>PTJSON.m</string>
			<key>sourceTree</key>
			<string>&lt;group&gt;</string>
		</dict>
		<key>A314A2B314EFFF0400918BEA</key>
		<dict>
			<key>fileEncoding</key>
			<string>4</string>
			<key>isa</key>
			<string>PBXFileReference</string>
			<key>lastKnownFileType</key>
			<string>sourcecode.c.h</string>
			<key>name</key>
			<string>PTPusherConnectionMonitor.h</string>
			<key>path</key>
			<string>Sample/PTPusherConnectionMonitor.h</string>
			<key>sourceTree</key>
			<string>SOURCE_ROOT</string>
		</dict>
		<key>A314A2B414EFFF0400918BEA</key>
		<dict>
			<key>fileEncoding</key>
			<string>4</string>
			<key>isa</key>
			<string>PBXFileReference</string>
			<key>lastKnownFileType</key>
			<string>sourcecode.c.objc</string>
			<key>name</key>
			<string>PTPusherConnectionMonitor.m</string>
			<key>path</key>
			<string>Sample/PTPusherConnectionMonitor.m</string>
			<key>sourceTree</key>
			<string>SOURCE_ROOT</string>
		</dict>
		<key>A314A2B514EFFF0400918BEA</key>
		<dict>
			<key>fileRef</key>
			<string>A314A2B414EFFF0400918BEA</string>
			<key>isa</key>
			<string>PBXBuildFile</string>
		</dict>
		<key>A31577F714D0731B000136A9</key>
		<dict>
			<key>isa</key>
			<string>PBXFileReference</string>
			<key>lastKnownFileType</key>
			<string>text.xcconfig</string>
			<key>name</key>
			<string>Pods-specs.xcconfig</string>
			<key>path</key>
			<string>Pods/Pods-specs.xcconfig</string>
			<key>sourceTree</key>
			<string>&lt;group&gt;</string>
		</dict>
		<key>A315780A14D0751C000136A9</key>
		<dict>
			<key>isa</key>
			<string>PBXFileReference</string>
			<key>lastKnownFileType</key>
			<string>text.xcconfig</string>
			<key>name</key>
			<string>Pods.xcconfig</string>
			<key>path</key>
			<string>Pods/Pods.xcconfig</string>
			<key>sourceTree</key>
			<string>&lt;group&gt;</string>
		</dict>
		<key>A3173754155D2CDF007E4BBA</key>
		<dict>
			<key>fileEncoding</key>
			<string>4</string>
			<key>isa</key>
			<string>PBXFileReference</string>
			<key>lastKnownFileType</key>
			<string>sourcecode.c.objc</string>
			<key>path</key>
			<string>PTPusherMockConnectionSpec.m</string>
			<key>sourceTree</key>
			<string>&lt;group&gt;</string>
		</dict>
		<key>A3173757155D2D12007E4BBA</key>
		<dict>
			<key>children</key>
			<array>
				<string>A317375D155D38C4007E4BBA</string>
				<string>A317375E155D38C4007E4BBA</string>
				<string>A3173758155D2D21007E4BBA</string>
				<string>A3173759155D2D21007E4BBA</string>
			</array>
			<key>isa</key>
			<string>PBXGroup</string>
			<key>name</key>
			<string>Testing</string>
			<key>sourceTree</key>
			<string>&lt;group&gt;</string>
		</dict>
		<key>A3173758155D2D21007E4BBA</key>
		<dict>
			<key>fileEncoding</key>
			<string>4</string>
			<key>isa</key>
			<string>PBXFileReference</string>
			<key>lastKnownFileType</key>
			<string>sourcecode.c.h</string>
			<key>path</key>
			<string>PTPusherMockConnection.h</string>
			<key>sourceTree</key>
			<string>&lt;group&gt;</string>
		</dict>
		<key>A3173759155D2D21007E4BBA</key>
		<dict>
			<key>fileEncoding</key>
			<string>4</string>
			<key>isa</key>
			<string>PBXFileReference</string>
			<key>lastKnownFileType</key>
			<string>sourcecode.c.objc</string>
			<key>path</key>
			<string>PTPusherMockConnection.m</string>
			<key>sourceTree</key>
			<string>&lt;group&gt;</string>
		</dict>
		<key>A317375B155D2D7D007E4BBA</key>
		<dict>
			<key>fileRef</key>
			<string>A3173754155D2CDF007E4BBA</string>
			<key>isa</key>
			<string>PBXBuildFile</string>
		</dict>
		<key>A317375C155D2E82007E4BBA</key>
		<dict>
			<key>fileRef</key>
			<string>A3173759155D2D21007E4BBA</string>
			<key>isa</key>
			<string>PBXBuildFile</string>
		</dict>
		<key>A317375D155D38C4007E4BBA</key>
		<dict>
			<key>fileEncoding</key>
			<string>4</string>
			<key>isa</key>
			<string>PBXFileReference</string>
			<key>lastKnownFileType</key>
			<string>sourcecode.c.h</string>
			<key>path</key>
			<string>PTPusher+Testing.h</string>
			<key>sourceTree</key>
			<string>&lt;group&gt;</string>
		</dict>
		<key>A317375E155D38C4007E4BBA</key>
		<dict>
			<key>fileEncoding</key>
			<string>4</string>
			<key>isa</key>
			<string>PBXFileReference</string>
			<key>lastKnownFileType</key>
			<string>sourcecode.c.objc</string>
			<key>path</key>
			<string>PTPusher+Testing.m</string>
			<key>sourceTree</key>
			<string>&lt;group&gt;</string>
		</dict>
		<key>A317375F155D38C4007E4BBA</key>
		<dict>
			<key>fileRef</key>
			<string>A317375D155D38C4007E4BBA</string>
			<key>isa</key>
			<string>PBXBuildFile</string>
			<key>settings</key>
			<dict>
				<key>ATTRIBUTES</key>
				<array>
					<string>Public</string>
				</array>
			</dict>
		</dict>
		<key>A3173760155D38C4007E4BBA</key>
		<dict>
			<key>fileRef</key>
			<string>A317375E155D38C4007E4BBA</string>
			<key>isa</key>
			<string>PBXBuildFile</string>
		</dict>
		<key>A3226317155D481C00A46067</key>
		<dict>
			<key>fileRef</key>
			<string>A3173758155D2D21007E4BBA</string>
			<key>isa</key>
			<string>PBXBuildFile</string>
			<key>settings</key>
			<dict>
				<key>ATTRIBUTES</key>
				<array>
					<string>Public</string>
				</array>
			</dict>
		</dict>
		<key>A3382DE31525C3F70025550D</key>
		<dict>
			<key>fileRef</key>
			<string>A30950121525C272008F695B</string>
			<key>isa</key>
			<string>PBXBuildFile</string>
		</dict>
		<key>A3382DE41525C3FA0025550D</key>
		<dict>
			<key>fileRef</key>
			<string>A30950111525C272008F695B</string>
			<key>isa</key>
			<string>PBXBuildFile</string>
			<key>settings</key>
			<dict>
				<key>ATTRIBUTES</key>
				<array>
					<string>Public</string>
				</array>
			</dict>
		</dict>
		<key>A3382DEA1525D01B0025550D</key>
		<dict>
			<key>isa</key>
			<string>PBXFileReference</string>
			<key>lastKnownFileType</key>
			<string>sourcecode.c.h</string>
			<key>name</key>
			<string>JSONKit.h</string>
			<key>path</key>
			<string>Library/JSONKit.h</string>
			<key>sourceTree</key>
			<string>SOURCE_ROOT</string>
		</dict>
		<key>A3382DF61525D06C0025550D</key>
		<dict>
			<key>fileRef</key>
			<string>A3382DEA1525D01B0025550D</string>
			<key>isa</key>
			<string>PBXBuildFile</string>
		</dict>
		<key>A3382E011525D0D50025550D</key>
		<dict>
			<key>fileRef</key>
			<string>A309500F1525C236008F695B</string>
			<key>isa</key>
			<string>PBXBuildFile</string>
			<key>settings</key>
			<dict>
				<key>ATTRIBUTES</key>
				<array>
					<string>Public</string>
				</array>
			</dict>
		</dict>
		<key>A35281CE13F721A8000687C0</key>
		<dict>
			<key>fileEncoding</key>
			<string>4</string>
			<key>isa</key>
			<string>PBXFileReference</string>
			<key>lastKnownFileType</key>
			<string>sourcecode.c.h</string>
			<key>path</key>
			<string>PTPusherConnection.h</string>
			<key>sourceTree</key>
			<string>&lt;group&gt;</string>
		</dict>
		<key>A35281CF13F721A8000687C0</key>
		<dict>
			<key>fileEncoding</key>
			<string>4</string>
			<key>isa</key>
			<string>PBXFileReference</string>
			<key>lastKnownFileType</key>
			<string>sourcecode.c.objc</string>
			<key>path</key>
			<string>PTPusherConnection.m</string>
			<key>sourceTree</key>
			<string>&lt;group&gt;</string>
		</dict>
		<key>A35281D013F721A8000687C0</key>
		<dict>
			<key>fileRef</key>
			<string>A35281CE13F721A8000687C0</string>
			<key>isa</key>
			<string>PBXBuildFile</string>
			<key>settings</key>
			<dict>
				<key>ATTRIBUTES</key>
				<array>
					<string>Public</string>
				</array>
			</dict>
		</dict>
		<key>A35281D113F721A8000687C0</key>
		<dict>
			<key>fileRef</key>
			<string>A35281CF13F721A8000687C0</string>
			<key>isa</key>
			<string>PBXBuildFile</string>
		</dict>
		<key>A35281D213F72E03000687C0</key>
		<dict>
			<key>fileEncoding</key>
			<string>4</string>
			<key>isa</key>
			<string>PBXFileReference</string>
			<key>lastKnownFileType</key>
			<string>sourcecode.c.h</string>
			<key>path</key>
			<string>PTPusherEventPublisher.h</string>
			<key>sourceTree</key>
			<string>&lt;group&gt;</string>
		</dict>
		<key>A35281D313F72E03000687C0</key>
		<dict>
			<key>fileRef</key>
			<string>A35281D213F72E03000687C0</string>
			<key>isa</key>
			<string>PBXBuildFile</string>
			<key>settings</key>
			<dict>
				<key>ATTRIBUTES</key>
				<array>
					<string>Public</string>
				</array>
			</dict>
		</dict>
		<key>A35281D413F736DF000687C0</key>
		<dict>
			<key>fileEncoding</key>
			<string>4</string>
			<key>isa</key>
			<string>PBXFileReference</string>
			<key>lastKnownFileType</key>
			<string>sourcecode.c.h</string>
			<key>path</key>
			<string>PTPusherEventDispatcher.h</string>
			<key>sourceTree</key>
			<string>&lt;group&gt;</string>
		</dict>
		<key>A35281D513F736DF000687C0</key>
		<dict>
			<key>fileEncoding</key>
			<string>4</string>
			<key>isa</key>
			<string>PBXFileReference</string>
			<key>lastKnownFileType</key>
			<string>sourcecode.c.objc</string>
			<key>path</key>
			<string>PTPusherEventDispatcher.m</string>
			<key>sourceTree</key>
			<string>&lt;group&gt;</string>
		</dict>
		<key>A35281D613F736DF000687C0</key>
		<dict>
			<key>fileRef</key>
			<string>A35281D413F736DF000687C0</string>
			<key>isa</key>
			<string>PBXBuildFile</string>
			<key>settings</key>
			<dict>
				<key>ATTRIBUTES</key>
				<array>
					<string>Public</string>
				</array>
			</dict>
		</dict>
		<key>A35281D713F736DF000687C0</key>
		<dict>
			<key>fileRef</key>
			<string>A35281D513F736DF000687C0</string>
			<key>isa</key>
			<string>PBXBuildFile</string>
		</dict>
		<key>A35281D813F73C42000687C0</key>
		<dict>
			<key>children</key>
			<array>
				<string>A35281D913F73C54000687C0</string>
				<string>A35281DA13F73C54000687C0</string>
				<string>A35281E213F75010000687C0</string>
				<string>A35281E313F75010000687C0</string>
			</array>
			<key>isa</key>
			<string>PBXGroup</string>
			<key>name</key>
			<string>Event Listeners</string>
			<key>sourceTree</key>
			<string>&lt;group&gt;</string>
		</dict>
		<key>A35281D913F73C54000687C0</key>
		<dict>
			<key>fileEncoding</key>
			<string>4</string>
			<key>isa</key>
			<string>PBXFileReference</string>
			<key>lastKnownFileType</key>
			<string>sourcecode.c.h</string>
			<key>path</key>
			<string>PTTargetActionEventListener.h</string>
			<key>sourceTree</key>
			<string>&lt;group&gt;</string>
		</dict>
		<key>A35281DA13F73C54000687C0</key>
		<dict>
			<key>fileEncoding</key>
			<string>4</string>
			<key>isa</key>
			<string>PBXFileReference</string>
			<key>lastKnownFileType</key>
			<string>sourcecode.c.objc</string>
			<key>path</key>
			<string>PTTargetActionEventListener.m</string>
			<key>sourceTree</key>
			<string>&lt;group&gt;</string>
		</dict>
		<key>A35281DB13F73C54000687C0</key>
		<dict>
			<key>fileRef</key>
			<string>A35281D913F73C54000687C0</string>
			<key>isa</key>
			<string>PBXBuildFile</string>
		</dict>
		<key>A35281DC13F73C54000687C0</key>
		<dict>
			<key>fileRef</key>
			<string>A35281DA13F73C54000687C0</string>
			<key>isa</key>
			<string>PBXBuildFile</string>
		</dict>
		<key>A35281E213F75010000687C0</key>
		<dict>
			<key>fileEncoding</key>
			<string>4</string>
			<key>isa</key>
			<string>PBXFileReference</string>
			<key>lastKnownFileType</key>
			<string>sourcecode.c.h</string>
			<key>path</key>
			<string>PTBlockEventListener.h</string>
			<key>sourceTree</key>
			<string>&lt;group&gt;</string>
		</dict>
		<key>A35281E313F75010000687C0</key>
		<dict>
			<key>fileEncoding</key>
			<string>4</string>
			<key>isa</key>
			<string>PBXFileReference</string>
			<key>lastKnownFileType</key>
			<string>sourcecode.c.objc</string>
			<key>path</key>
			<string>PTBlockEventListener.m</string>
			<key>sourceTree</key>
			<string>&lt;group&gt;</string>
		</dict>
		<key>A35281E413F75010000687C0</key>
		<dict>
			<key>fileRef</key>
			<string>A35281E213F75010000687C0</string>
			<key>isa</key>
			<string>PBXBuildFile</string>
		</dict>
		<key>A35281E513F75010000687C0</key>
		<dict>
			<key>fileRef</key>
			<string>A35281E313F75010000687C0</string>
			<key>isa</key>
			<string>PBXBuildFile</string>
		</dict>
		<key>A35281E613F7524C000687C0</key>
		<dict>
			<key>children</key>
			<array>
				<string>A35281E713F75265000687C0</string>
				<string>A35281E813F75265000687C0</string>
			</array>
			<key>isa</key>
			<string>PBXGroup</string>
			<key>name</key>
			<string>REST API Client</string>
			<key>sourceTree</key>
			<string>&lt;group&gt;</string>
		</dict>
		<key>A35281E713F75265000687C0</key>
		<dict>
			<key>fileEncoding</key>
			<string>4</string>
			<key>isa</key>
			<string>PBXFileReference</string>
			<key>lastKnownFileType</key>
			<string>sourcecode.c.h</string>
			<key>path</key>
			<string>PTPusherAPI.h</string>
			<key>sourceTree</key>
			<string>&lt;group&gt;</string>
		</dict>
		<key>A35281E813F75265000687C0</key>
		<dict>
			<key>fileEncoding</key>
			<string>4</string>
			<key>isa</key>
			<string>PBXFileReference</string>
			<key>lastKnownFileType</key>
			<string>sourcecode.c.objc</string>
			<key>path</key>
			<string>PTPusherAPI.m</string>
			<key>sourceTree</key>
			<string>&lt;group&gt;</string>
		</dict>
		<key>A35281E913F75265000687C0</key>
		<dict>
			<key>fileRef</key>
			<string>A35281E713F75265000687C0</string>
			<key>isa</key>
			<string>PBXBuildFile</string>
			<key>settings</key>
			<dict>
				<key>ATTRIBUTES</key>
				<array>
					<string>Public</string>
				</array>
			</dict>
		</dict>
		<key>A35281EA13F75265000687C0</key>
		<dict>
			<key>fileRef</key>
			<string>A35281E813F75265000687C0</string>
			<key>isa</key>
			<string>PBXBuildFile</string>
		</dict>
		<key>A35D712C153468D800A7EA77</key>
		<dict>
			<key>fileRef</key>
			<string>A3D1D2B71158013F009A12AD</string>
			<key>isa</key>
			<string>PBXBuildFile</string>
		</dict>
		<key>A366E53014FD85EB002F0C39</key>
		<dict>
			<key>includeInIndex</key>
			<string>1</string>
			<key>isa</key>
			<string>PBXFileReference</string>
			<key>lastKnownFileType</key>
			<string>wrapper.framework</string>
			<key>name</key>
			<string>SystemConfiguration.framework</string>
			<key>path</key>
			<string>System/Library/Frameworks/SystemConfiguration.framework</string>
			<key>sourceTree</key>
			<string>SDKROOT</string>
		</dict>
		<key>A366E53114FD85EB002F0C39</key>
		<dict>
			<key>fileRef</key>
			<string>A366E53014FD85EB002F0C39</string>
			<key>isa</key>
			<string>PBXBuildFile</string>
		</dict>
		<key>A366E53314FD8604002F0C39</key>
		<dict>
			<key>isa</key>
			<string>PBXFileReference</string>
			<key>lastKnownFileType</key>
			<string>compiled.mach-o.dylib</string>
			<key>name</key>
			<string>libz.dylib</string>
			<key>path</key>
			<string>usr/lib/libz.dylib</string>
			<key>sourceTree</key>
			<string>SDKROOT</string>
		</dict>
		<key>A366E53514FD863D002F0C39</key>
		<dict>
			<key>fileRef</key>
			<string>A37E160714E4C87500DCA3A6</string>
			<key>isa</key>
			<string>PBXBuildFile</string>
		</dict>
		<key>A366E53714FD87F5002F0C39</key>
		<dict>
			<key>fileEncoding</key>
			<string>4</string>
			<key>isa</key>
			<string>PBXFileReference</string>
			<key>lastKnownFileType</key>
			<string>sourcecode.c.objc</string>
			<key>path</key>
			<string>PTPusherEventDispatcherSpec.m</string>
			<key>sourceTree</key>
			<string>&lt;group&gt;</string>
		</dict>
		<key>A366E53814FD87F5002F0C39</key>
		<dict>
			<key>fileRef</key>
			<string>A366E53714FD87F5002F0C39</string>
			<key>isa</key>
			<string>PBXBuildFile</string>
		</dict>
		<key>A366E53914FD88B3002F0C39</key>
		<dict>
			<key>fileEncoding</key>
			<string>4</string>
			<key>isa</key>
			<string>PBXFileReference</string>
			<key>lastKnownFileType</key>
			<string>sourcecode.c.objc</string>
			<key>path</key>
			<string>SpecHelper.m</string>
			<key>sourceTree</key>
			<string>&lt;group&gt;</string>
		</dict>
		<key>A366E53A14FD88B3002F0C39</key>
		<dict>
			<key>fileRef</key>
			<string>A366E53914FD88B3002F0C39</string>
			<key>isa</key>
			<string>PBXBuildFile</string>
		</dict>
		<key>A366E53B14FDA232002F0C39</key>
		<dict>
			<key>fileRef</key>
			<string>A366E53014FD85EB002F0C39</string>
			<key>isa</key>
			<string>PBXBuildFile</string>
		</dict>
		<key>A366E53C14FDA236002F0C39</key>
		<dict>
			<key>fileRef</key>
			<string>A37E160714E4C87500DCA3A6</string>
			<key>isa</key>
			<string>PBXBuildFile</string>
		</dict>
		<key>A3698FEC13FF0868005CF130</key>
		<dict>
			<key>fileEncoding</key>
			<string>4</string>
			<key>isa</key>
			<string>PBXFileReference</string>
			<key>lastKnownFileType</key>
			<string>sourcecode.c.h</string>
			<key>path</key>
			<string>NSMutableURLRequest+BasicAuth.h</string>
			<key>sourceTree</key>
			<string>&lt;group&gt;</string>
		</dict>
		<key>A3698FED13FF0868005CF130</key>
		<dict>
			<key>fileEncoding</key>
			<string>4</string>
			<key>isa</key>
			<string>PBXFileReference</string>
			<key>lastKnownFileType</key>
			<string>sourcecode.c.objc</string>
			<key>path</key>
			<string>NSMutableURLRequest+BasicAuth.m</string>
			<key>sourceTree</key>
			<string>&lt;group&gt;</string>
		</dict>
		<key>A3698FF213FF0A7A005CF130</key>
		<dict>
			<key>fileRef</key>
			<string>A3698FED13FF0868005CF130</string>
			<key>isa</key>
			<string>PBXBuildFile</string>
		</dict>
		<key>A3698FFD13FF200C005CF130</key>
		<dict>
			<key>fileEncoding</key>
			<string>4</string>
			<key>isa</key>
			<string>PBXFileReference</string>
			<key>lastKnownFileType</key>
			<string>sourcecode.c.h</string>
			<key>path</key>
			<string>NSData+Base64.h</string>
			<key>sourceTree</key>
			<string>&lt;group&gt;</string>
		</dict>
		<key>A3698FFE13FF200C005CF130</key>
		<dict>
			<key>fileEncoding</key>
			<string>4</string>
			<key>isa</key>
			<string>PBXFileReference</string>
			<key>lastKnownFileType</key>
			<string>sourcecode.c.objc</string>
			<key>path</key>
			<string>NSData+Base64.m</string>
			<key>sourceTree</key>
			<string>&lt;group&gt;</string>
		</dict>
		<key>A3698FFF13FF200C005CF130</key>
		<dict>
			<key>fileRef</key>
			<string>A3698FFE13FF200C005CF130</string>
			<key>isa</key>
			<string>PBXBuildFile</string>
		</dict>
		<key>A369CFE114FDAD9200A8D56B</key>
		<dict>
			<key>fileEncoding</key>
			<string>4</string>
			<key>isa</key>
			<string>PBXFileReference</string>
			<key>lastKnownFileType</key>
			<string>sourcecode.c.objc</string>
			<key>path</key>
			<string>PrivateChannelsSpec.m</string>
			<key>sourceTree</key>
			<string>&lt;group&gt;</string>
		</dict>
		<key>A369CFE214FDAD9200A8D56B</key>
		<dict>
			<key>fileRef</key>
			<string>A369CFE114FDAD9200A8D56B</string>
			<key>isa</key>
			<string>PBXBuildFile</string>
		</dict>
		<key>A369CFE314FDAEE700A8D56B</key>
		<dict>
			<key>fileRef</key>
			<string>A3698FED13FF0868005CF130</string>
			<key>isa</key>
			<string>PBXBuildFile</string>
		</dict>
		<key>A369CFE414FDB1DC00A8D56B</key>
		<dict>
			<key>fileRef</key>
			<string>A3698FFE13FF200C005CF130</string>
			<key>isa</key>
			<string>PBXBuildFile</string>
		</dict>
		<key>A36EE0FB99004512B3BC8AAE</key>
		<dict>
			<key>buildActionMask</key>
			<string>2147483647</string>
			<key>files</key>
			<array/>
			<key>inputPaths</key>
			<array/>
			<key>isa</key>
			<string>PBXShellScriptBuildPhase</string>
			<key>name</key>
			<string>Copy Pods Resources</string>
			<key>outputPaths</key>
			<array/>
			<key>runOnlyForDeploymentPostprocessing</key>
			<string>0</string>
			<key>shellPath</key>
			<string>/bin/sh</string>
			<key>shellScript</key>
			<string>"${SRCROOT}/Pods/Pods-specs-resources.sh"
</string>
		</dict>
		<key>A373A2C91565248C00BFAECE</key>
		<dict>
			<key>fileEncoding</key>
			<string>4</string>
			<key>isa</key>
			<string>PBXFileReference</string>
			<key>lastKnownFileType</key>
			<string>sourcecode.c.objc</string>
			<key>path</key>
			<string>PusherClientSpec.m</string>
			<key>sourceTree</key>
			<string>&lt;group&gt;</string>
		</dict>
		<key>A373A2CA1565248C00BFAECE</key>
		<dict>
			<key>fileRef</key>
			<string>A373A2C91565248C00BFAECE</string>
			<key>isa</key>
			<string>PBXBuildFile</string>
		</dict>
		<key>A37E158814E4997700DCA3A6</key>
		<dict>
			<key>includeInIndex</key>
			<string>1</string>
			<key>isa</key>
			<string>PBXFileReference</string>
			<key>lastKnownFileType</key>
			<string>wrapper.framework</string>
			<key>name</key>
			<string>Security.framework</string>
			<key>path</key>
			<string>System/Library/Frameworks/Security.framework</string>
			<key>sourceTree</key>
			<string>SDKROOT</string>
		</dict>
		<key>A37E158914E4997700DCA3A6</key>
		<dict>
			<key>fileRef</key>
			<string>A37E158814E4997700DCA3A6</string>
			<key>isa</key>
			<string>PBXBuildFile</string>
		</dict>
		<key>A37E158D14E499E000DCA3A6</key>
		<dict>
			<key>fileRef</key>
			<string>A37E158814E4997700DCA3A6</string>
			<key>isa</key>
			<string>PBXBuildFile</string>
		</dict>
		<key>A37E158E14E49F2D00DCA3A6</key>
		<dict>
			<key>fileEncoding</key>
			<string>4</string>
			<key>isa</key>
			<string>PBXFileReference</string>
			<key>lastKnownFileType</key>
			<string>sourcecode.c.h</string>
			<key>name</key>
			<string>SRWebSocket.h</string>
			<key>path</key>
			<string>Pods/Headers/SocketRocket/SRWebSocket.h</string>
			<key>sourceTree</key>
			<string>SOURCE_ROOT</string>
		</dict>
		<key>A37E158F14E49F2D00DCA3A6</key>
		<dict>
			<key>fileRef</key>
			<string>A37E158E14E49F2D00DCA3A6</string>
			<key>isa</key>
			<string>PBXBuildFile</string>
			<key>settings</key>
			<dict>
				<key>ATTRIBUTES</key>
				<array>
					<string>Public</string>
				</array>
			</dict>
		</dict>
		<key>A37E15EA14E4BBBA00DCA3A6</key>
		<dict>
			<key>fileRef</key>
			<string>A3AC28BD13F75BF1001C4808</string>
			<key>isa</key>
			<string>PBXBuildFile</string>
		</dict>
		<key>A37E160714E4C87500DCA3A6</key>
		<dict>
			<key>includeInIndex</key>
			<string>1</string>
			<key>isa</key>
			<string>PBXFileReference</string>
			<key>lastKnownFileType</key>
			<string>compiled.mach-o.dylib</string>
			<key>name</key>
			<string>libicucore.dylib</string>
			<key>path</key>
			<string>usr/lib/libicucore.dylib</string>
			<key>sourceTree</key>
			<string>SDKROOT</string>
		</dict>
		<key>A37E160814E4C87500DCA3A6</key>
		<dict>
			<key>fileRef</key>
			<string>A37E160714E4C87500DCA3A6</string>
			<key>isa</key>
			<string>PBXBuildFile</string>
		</dict>
		<key>A37E167314E572C900DCA3A6</key>
		<dict>
			<key>fileEncoding</key>
			<string>4</string>
			<key>isa</key>
			<string>PBXFileReference</string>
			<key>lastKnownFileType</key>
			<string>sourcecode.c.h</string>
			<key>path</key>
			<string>PTPusherMacros.h</string>
			<key>sourceTree</key>
			<string>&lt;group&gt;</string>
		</dict>
		<key>A37E167414E572C900DCA3A6</key>
		<dict>
			<key>fileRef</key>
			<string>A37E167314E572C900DCA3A6</string>
			<key>isa</key>
			<string>PBXBuildFile</string>
			<key>settings</key>
			<dict>
				<key>ATTRIBUTES</key>
				<array>
					<string>Public</string>
				</array>
			</dict>
		</dict>
		<key>A39E238613F7E3FD0083CAD7</key>
		<dict>
			<key>fileEncoding</key>
			<string>4</string>
			<key>isa</key>
			<string>PBXFileReference</string>
			<key>lastKnownFileType</key>
			<string>sourcecode.c.h</string>
			<key>path</key>
			<string>PTPusherErrors.h</string>
			<key>sourceTree</key>
			<string>&lt;group&gt;</string>
		</dict>
		<key>A39E238713F7E6AB0083CAD7</key>
		<dict>
			<key>fileEncoding</key>
			<string>4</string>
			<key>isa</key>
			<string>PBXFileReference</string>
			<key>lastKnownFileType</key>
			<string>sourcecode.c.h</string>
			<key>path</key>
			<string>PusherPresenceEventsViewController.h</string>
			<key>sourceTree</key>
			<string>&lt;group&gt;</string>
		</dict>
		<key>A39E238813F7E6AB0083CAD7</key>
		<dict>
			<key>fileEncoding</key>
			<string>4</string>
			<key>isa</key>
			<string>PBXFileReference</string>
			<key>lastKnownFileType</key>
			<string>sourcecode.c.objc</string>
			<key>path</key>
			<string>PusherPresenceEventsViewController.m</string>
			<key>sourceTree</key>
			<string>&lt;group&gt;</string>
		</dict>
		<key>A39E238913F7E6AB0083CAD7</key>
		<dict>
			<key>fileRef</key>
			<string>A39E238813F7E6AB0083CAD7</string>
			<key>isa</key>
			<string>PBXBuildFile</string>
		</dict>
		<key>A39E238A13F7E85C0083CAD7</key>
		<dict>
			<key>fileEncoding</key>
			<string>4</string>
			<key>isa</key>
			<string>PBXFileReference</string>
			<key>lastKnownFileType</key>
			<string>sourcecode.c.h</string>
			<key>path</key>
			<string>PTPusherPresenceChannelDelegate.h</string>
			<key>sourceTree</key>
			<string>&lt;group&gt;</string>
		</dict>
		<key>A3A19FB211580DC8001EF877</key>
		<dict>
			<key>children</key>
			<array>
				<string>A3C32D9A14D083C10017FAED</string>
				<string>A366E53714FD87F5002F0C39</string>
				<string>A30575CE15233C1200DA19BD</string>
				<string>A3173754155D2CDF007E4BBA</string>
				<string>A3C32D9C14D083D60017FAED</string>
				<string>A366E53914FD88B3002F0C39</string>
			</array>
			<key>isa</key>
			<string>PBXGroup</string>
			<key>name</key>
			<string>Specs</string>
			<key>path</key>
			<string>Unit Tests</string>
			<key>sourceTree</key>
			<string>&lt;group&gt;</string>
		</dict>
		<key>A3A19FB911580DD7001EF877</key>
		<dict>
			<key>isa</key>
			<string>PBXFileReference</string>
			<key>lastKnownFileType</key>
			<string>text.plist.xml</string>
			<key>path</key>
			<string>UnitTests-Info.plist</string>
			<key>sourceTree</key>
			<string>&lt;group&gt;</string>
		</dict>
		<key>A3A19FBF11580DE9001EF877</key>
		<dict>
			<key>fileEncoding</key>
			<string>4</string>
			<key>isa</key>
			<string>PBXFileReference</string>
			<key>lastKnownFileType</key>
			<string>sourcecode.c.h</string>
			<key>path</key>
			<string>UnitTests_Prefix.pch</string>
			<key>sourceTree</key>
			<string>&lt;group&gt;</string>
		</dict>
		<key>A3A1A0E6115813E2001EF877</key>
		<dict>
			<key>buildActionMask</key>
			<string>2147483647</string>
			<key>files</key>
			<array/>
			<key>isa</key>
			<string>PBXResourcesBuildPhase</string>
			<key>runOnlyForDeploymentPostprocessing</key>
			<string>0</string>
		</dict>
		<key>A3A1A0E7115813E2001EF877</key>
		<dict>
			<key>buildActionMask</key>
			<string>2147483647</string>
			<key>files</key>
			<array>
				<string>A3C32D9B14D083C10017FAED</string>
				<string>A366E53814FD87F5002F0C39</string>
				<string>A366E53A14FD88B3002F0C39</string>
				<string>A30575D115233CC800DA19BD</string>
				<string>A317375B155D2D7D007E4BBA</string>
			</array>
			<key>isa</key>
			<string>PBXSourcesBuildPhase</string>
			<key>runOnlyForDeploymentPostprocessing</key>
			<string>0</string>
		</dict>
		<key>A3A1A0E8115813E2001EF877</key>
		<dict>
			<key>buildActionMask</key>
			<string>2147483647</string>
			<key>files</key>
			<array>
				<string>A366E53514FD863D002F0C39</string>
				<string>A366E53114FD85EB002F0C39</string>
				<string>A37E158914E4997700DCA3A6</string>
				<string>A3A1A20111581782001EF877</string>
				<string>A3A1A20211581782001EF877</string>
				<string>A3DF2D6D13B3CD5700EE4349</string>
				<string>009E68D1E15E43B3BDAB74B0</string>
			</array>
			<key>isa</key>
			<string>PBXFrameworksBuildPhase</string>
			<key>runOnlyForDeploymentPostprocessing</key>
			<string>0</string>
		</dict>
		<key>A3A1A0E9115813E2001EF877</key>
		<dict>
			<key>buildActionMask</key>
			<string>2147483647</string>
			<key>files</key>
			<array/>
			<key>inputPaths</key>
			<array/>
			<key>isa</key>
			<string>PBXShellScriptBuildPhase</string>
			<key>outputPaths</key>
			<array/>
			<key>runOnlyForDeploymentPostprocessing</key>
			<string>0</string>
			<key>shellPath</key>
			<string>/bin/sh</string>
			<key>shellScript</key>
			<string># Run the unit tests in this test bundle.
"${SYSTEM_DEVELOPER_DIR}/Tools/RunUnitTests"
</string>
		</dict>
		<key>A3A1A0EA115813E2001EF877</key>
		<dict>
			<key>buildConfigurationList</key>
			<string>A3A1A0EF115813F0001EF877</string>
			<key>buildPhases</key>
			<array>
				<string>A3A1A144115814E9001EF877</string>
				<string>A3A1A0E6115813E2001EF877</string>
				<string>A3A1A0E7115813E2001EF877</string>
				<string>A3A1A0E8115813E2001EF877</string>
				<string>A3A1A0E9115813E2001EF877</string>
				<string>7AC8136E21754BFEB4029864</string>
				<string>A36EE0FB99004512B3BC8AAE</string>
			</array>
			<key>buildRules</key>
			<array/>
			<key>dependencies</key>
			<array/>
			<key>isa</key>
			<string>PBXNativeTarget</string>
			<key>name</key>
			<string>UnitTests</string>
			<key>productName</key>
			<string>UnitTests</string>
			<key>productReference</key>
			<string>A3A1A0EB115813E2001EF877</string>
			<key>productType</key>
			<string>com.apple.product-type.bundle</string>
		</dict>
		<key>A3A1A0EB115813E2001EF877</key>
		<dict>
			<key>explicitFileType</key>
			<string>wrapper.cfbundle</string>
			<key>includeInIndex</key>
			<string>0</string>
			<key>isa</key>
			<string>PBXFileReference</string>
			<key>name</key>
			<string>UnitTests.octest</string>
			<key>path</key>
			<string>UnitTests.octest</string>
			<key>sourceTree</key>
			<string>BUILT_PRODUCTS_DIR</string>
		</dict>
		<key>A3A1A0EC115813E3001EF877</key>
		<dict>
			<key>baseConfigurationReference</key>
			<string>3091749622A8462286EACD4D</string>
			<key>buildSettings</key>
			<dict>
				<key>ALWAYS_SEARCH_USER_PATHS</key>
				<string>NO</string>
				<key>COPY_PHASE_STRIP</key>
				<string>NO</string>
				<key>DSTROOT</key>
				<string>/tmp/xcodeproj.dst</string>
				<key>FRAMEWORK_SEARCH_PATHS</key>
				<array>
					<string>"$(SDKROOT)/Developer/Library/Frameworks"</string>
					<string>"$(DEVELOPER_LIBRARY_DIR)/Frameworks"</string>
					<string>"$(SRCROOT)/Frameworks"</string>
				</array>
				<key>GCC_DYNAMIC_NO_PIC</key>
				<string>NO</string>
				<key>GCC_ENABLE_OBJC_EXCEPTIONS</key>
				<string>YES</string>
				<key>GCC_OPTIMIZATION_LEVEL</key>
				<string>0</string>
				<key>GCC_PRECOMPILE_PREFIX_HEADER</key>
				<string>YES</string>
				<key>GCC_PREFIX_HEADER</key>
				<string>UnitTests_Prefix.pch</string>
				<key>GCC_VERSION</key>
				<string>com.apple.compilers.llvm.clang.1_0</string>
				<key>INFOPLIST_FILE</key>
				<string>UnitTests-Info.plist</string>
				<key>OTHER_LDFLAGS</key>
				<array>
					<string>-framework</string>
					<string>Foundation</string>
					<string>-framework</string>
					<string>SenTestingKit</string>
					<string>-framework</string>
					<string>UIKit</string>
					<string>$(inherited)</string>
				</array>
				<key>PRODUCT_NAME</key>
				<string>UnitTests</string>
				<key>SDKROOT</key>
				<string>iphoneos</string>
				<key>SKIP_INSTALL</key>
				<string>YES</string>
				<key>WRAPPER_EXTENSION</key>
				<string>octest</string>
			</dict>
			<key>isa</key>
			<string>XCBuildConfiguration</string>
			<key>name</key>
			<string>Debug</string>
		</dict>
		<key>A3A1A0ED115813E3001EF877</key>
		<dict>
			<key>baseConfigurationReference</key>
			<string>3091749622A8462286EACD4D</string>
			<key>buildSettings</key>
			<dict>
				<key>ALWAYS_SEARCH_USER_PATHS</key>
				<string>NO</string>
				<key>COPY_PHASE_STRIP</key>
				<string>YES</string>
				<key>DEBUG_INFORMATION_FORMAT</key>
				<string>dwarf-with-dsym</string>
				<key>DSTROOT</key>
				<string>/tmp/xcodeproj.dst</string>
				<key>FRAMEWORK_SEARCH_PATHS</key>
				<array>
					<string>"$(SDKROOT)/Developer/Library/Frameworks"</string>
					<string>"$(DEVELOPER_LIBRARY_DIR)/Frameworks"</string>
					<string>"$(SRCROOT)/Frameworks"</string>
				</array>
				<key>GCC_ENABLE_OBJC_EXCEPTIONS</key>
				<string>YES</string>
				<key>GCC_PRECOMPILE_PREFIX_HEADER</key>
				<string>YES</string>
				<key>GCC_VERSION</key>
				<string>com.apple.compilers.llvm.clang.1_0</string>
				<key>INFOPLIST_FILE</key>
				<string>UnitTests-Info.plist</string>
				<key>OTHER_LDFLAGS</key>
				<array>
					<string>-framework</string>
					<string>Foundation</string>
					<string>-framework</string>
					<string>SenTestingKit</string>
					<string>-framework</string>
					<string>UIKit</string>
					<string>$(inherited)</string>
				</array>
				<key>PRODUCT_NAME</key>
				<string>UnitTests</string>
				<key>SDKROOT</key>
				<string>iphoneos</string>
				<key>SKIP_INSTALL</key>
				<string>YES</string>
				<key>WRAPPER_EXTENSION</key>
				<string>octest</string>
				<key>ZERO_LINK</key>
				<string>NO</string>
			</dict>
			<key>isa</key>
			<string>XCBuildConfiguration</string>
			<key>name</key>
			<string>Release</string>
		</dict>
		<key>A3A1A0EF115813F0001EF877</key>
		<dict>
			<key>buildConfigurations</key>
			<array>
				<string>A3A1A0EC115813E3001EF877</string>
				<string>A3A1A0ED115813E3001EF877</string>
			</array>
			<key>defaultConfigurationIsVisible</key>
			<string>0</string>
			<key>defaultConfigurationName</key>
			<string>Release</string>
			<key>isa</key>
			<string>XCConfigurationList</string>
		</dict>
		<key>A3A1A111115814D0001EF877</key>
		<dict>
			<key>isa</key>
			<string>PBXFileReference</string>
			<key>lastKnownFileType</key>
			<string>wrapper.framework</string>
			<key>name</key>
			<string>OCHamcrest.framework</string>
			<key>path</key>
			<string>Frameworks/OCHamcrest.framework</string>
			<key>sourceTree</key>
			<string>&lt;group&gt;</string>
		</dict>
		<key>A3A1A144115814E9001EF877</key>
		<dict>
			<key>buildActionMask</key>
			<string>2147483647</string>
			<key>dstPath</key>
			<string></string>
			<key>dstSubfolderSpec</key>
			<string>16</string>
			<key>files</key>
			<array>
				<string>A3A1A149115814F7001EF877</string>
			</array>
			<key>isa</key>
			<string>PBXCopyFilesBuildPhase</string>
			<key>runOnlyForDeploymentPostprocessing</key>
			<string>0</string>
		</dict>
		<key>A3A1A149115814F7001EF877</key>
		<dict>
			<key>fileRef</key>
			<string>A3A1A111115814D0001EF877</string>
			<key>isa</key>
			<string>PBXBuildFile</string>
		</dict>
		<key>A3A1A20111581782001EF877</key>
		<dict>
			<key>fileRef</key>
			<string>A3D1D0B51157CCDE009A12AD</string>
			<key>isa</key>
			<string>PBXBuildFile</string>
		</dict>
		<key>A3A1A20211581782001EF877</key>
		<dict>
			<key>fileRef</key>
			<string>1D30AB110D05D00D00671497</string>
			<key>isa</key>
			<string>PBXBuildFile</string>
		</dict>
		<key>A3A1A41611582DC3001EF877</key>
		<dict>
			<key>fileEncoding</key>
			<string>4</string>
			<key>isa</key>
			<string>PBXFileReference</string>
			<key>lastKnownFileType</key>
			<string>sourcecode.c.h</string>
			<key>path</key>
			<string>PTPusherDelegate.h</string>
			<key>sourceTree</key>
			<string>&lt;group&gt;</string>
		</dict>
		<key>A3A1A42A11582F26001EF877</key>
		<dict>
			<key>fileRef</key>
			<string>A3A1A41611582DC3001EF877</string>
			<key>isa</key>
			<string>PBXBuildFile</string>
			<key>settings</key>
			<dict>
				<key>ATTRIBUTES</key>
				<array>
					<string>Public</string>
				</array>
			</dict>
		</dict>
		<key>A3A9F9531496E96100F83617</key>
		<dict>
			<key>buildActionMask</key>
			<string>2147483647</string>
			<key>files</key>
			<array>
				<string>A3A9FA491496EC0C00F83617</string>
				<string>A3A9FA4D1496EEB300F83617</string>
				<string>A369CFE214FDAD9200A8D56B</string>
				<string>A369CFE314FDAEE700A8D56B</string>
				<string>A369CFE414FDB1DC00A8D56B</string>
				<string>A373A2CA1565248C00BFAECE</string>
				<string>A3B7E4EB1581672A00CDA6DA</string>
			</array>
			<key>isa</key>
			<string>PBXSourcesBuildPhase</string>
			<key>runOnlyForDeploymentPostprocessing</key>
			<string>0</string>
		</dict>
		<key>A3A9F9541496E96100F83617</key>
		<dict>
			<key>buildActionMask</key>
			<string>2147483647</string>
			<key>files</key>
			<array>
				<string>A366E53C14FDA236002F0C39</string>
				<string>A366E53B14FDA232002F0C39</string>
				<string>A3A9FA4E1496EECE00F83617</string>
				<string>A3A9F95A1496E96100F83617</string>
				<string>A3A9F95B1496E96100F83617</string>
				<string>A3A9F95C1496E96100F83617</string>
				<string>A3A9FA4F1496EEE000F83617</string>
				<string>A37E158D14E499E000DCA3A6</string>
				<string>6D926C9364F64493B0A7BE5A</string>
			</array>
			<key>isa</key>
			<string>PBXFrameworksBuildPhase</string>
			<key>runOnlyForDeploymentPostprocessing</key>
			<string>0</string>
		</dict>
		<key>A3A9F9551496E96100F83617</key>
		<dict>
			<key>buildActionMask</key>
			<string>2147483647</string>
			<key>files</key>
			<array>
				<string>A3A9F9621496E96100F83617</string>
			</array>
			<key>isa</key>
			<string>PBXResourcesBuildPhase</string>
			<key>runOnlyForDeploymentPostprocessing</key>
			<string>0</string>
		</dict>
		<key>A3A9F9561496E96100F83617</key>
		<dict>
			<key>buildActionMask</key>
			<string>2147483647</string>
			<key>files</key>
			<array/>
			<key>inputPaths</key>
			<array/>
			<key>isa</key>
			<string>PBXShellScriptBuildPhase</string>
			<key>outputPaths</key>
			<array/>
			<key>runOnlyForDeploymentPostprocessing</key>
			<string>0</string>
			<key>shellPath</key>
			<string>/bin/sh</string>
			<key>shellScript</key>
			<string># Run the unit tests in this test bundle.
"${SYSTEM_DEVELOPER_DIR}/Tools/RunUnitTests"
</string>
		</dict>
		<key>A3A9F9571496E96100F83617</key>
		<dict>
			<key>buildConfigurationList</key>
			<string>A3A9F9671496E96100F83617</string>
			<key>buildPhases</key>
			<array>
				<string>A3A9F9531496E96100F83617</string>
				<string>A3A9F9541496E96100F83617</string>
				<string>A3A9F9551496E96100F83617</string>
				<string>A3A9F9561496E96100F83617</string>
				<string>7AC8136E21754BFEB4029864</string>
				<string>6C588AA871274CF793008996</string>
			</array>
			<key>buildRules</key>
			<array/>
			<key>dependencies</key>
			<array/>
			<key>isa</key>
			<string>PBXNativeTarget</string>
			<key>name</key>
			<string>Functional Specs</string>
			<key>productName</key>
			<string>Functional Specs</string>
			<key>productReference</key>
			<string>A3A9F9581496E96100F83617</string>
			<key>productType</key>
			<string>com.apple.product-type.bundle</string>
		</dict>
		<key>A3A9F9581496E96100F83617</key>
		<dict>
			<key>explicitFileType</key>
			<string>wrapper.cfbundle</string>
			<key>includeInIndex</key>
			<string>0</string>
			<key>isa</key>
			<string>PBXFileReference</string>
			<key>name</key>
			<string>Functional Specs.octest</string>
			<key>path</key>
			<string>Functional Specs.octest</string>
			<key>sourceTree</key>
			<string>BUILT_PRODUCTS_DIR</string>
		</dict>
		<key>A3A9F9591496E96100F83617</key>
		<dict>
			<key>includeInIndex</key>
			<string>1</string>
			<key>isa</key>
			<string>PBXFileReference</string>
			<key>lastKnownFileType</key>
			<string>wrapper.framework</string>
			<key>name</key>
			<string>SenTestingKit.framework</string>
			<key>path</key>
			<string>Library/Frameworks/SenTestingKit.framework</string>
			<key>sourceTree</key>
			<string>DEVELOPER_DIR</string>
		</dict>
		<key>A3A9F95A1496E96100F83617</key>
		<dict>
			<key>fileRef</key>
			<string>A3A9F9591496E96100F83617</string>
			<key>isa</key>
			<string>PBXBuildFile</string>
		</dict>
		<key>A3A9F95B1496E96100F83617</key>
		<dict>
			<key>fileRef</key>
			<string>1DF5F4DF0D08C38300B7A737</string>
			<key>isa</key>
			<string>PBXBuildFile</string>
		</dict>
		<key>A3A9F95C1496E96100F83617</key>
		<dict>
			<key>fileRef</key>
			<string>1D30AB110D05D00D00671497</string>
			<key>isa</key>
			<string>PBXBuildFile</string>
		</dict>
		<key>A3A9F95D1496E96100F83617</key>
		<dict>
			<key>children</key>
			<array>
				<string>A3A9F96A1496E9C300F83617</string>
				<string>A369CFE114FDAD9200A8D56B</string>
				<string>A373A2C91565248C00BFAECE</string>
				<string>A3B7E4EA1581672A00CDA6DA</string>
				<string>A3A9F95E1496E96100F83617</string>
			</array>
			<key>isa</key>
			<string>PBXGroup</string>
			<key>path</key>
			<string>Functional Specs</string>
			<key>sourceTree</key>
			<string>&lt;group&gt;</string>
		</dict>
		<key>A3A9F95E1496E96100F83617</key>
		<dict>
			<key>children</key>
			<array>
				<string>A3A9F95F1496E96100F83617</string>
				<string>A3A9F9601496E96100F83617</string>
				<string>A3A9F9661496E96100F83617</string>
				<string>A3A9F96C1496E9E500F83617</string>
				<string>A3A9F96D1496E9E500F83617</string>
			</array>
			<key>isa</key>
			<string>PBXGroup</string>
			<key>name</key>
			<string>Supporting Files</string>
			<key>sourceTree</key>
			<string>&lt;group&gt;</string>
		</dict>
		<key>A3A9F95F1496E96100F83617</key>
		<dict>
			<key>isa</key>
			<string>PBXFileReference</string>
			<key>lastKnownFileType</key>
			<string>text.plist.xml</string>
			<key>path</key>
			<string>Functional Specs-Info.plist</string>
			<key>sourceTree</key>
			<string>&lt;group&gt;</string>
		</dict>
		<key>A3A9F9601496E96100F83617</key>
		<dict>
			<key>children</key>
			<array>
				<string>A3A9F9611496E96100F83617</string>
			</array>
			<key>isa</key>
			<string>PBXVariantGroup</string>
			<key>name</key>
			<string>InfoPlist.strings</string>
			<key>sourceTree</key>
			<string>&lt;group&gt;</string>
		</dict>
		<key>A3A9F9611496E96100F83617</key>
		<dict>
			<key>isa</key>
			<string>PBXFileReference</string>
			<key>lastKnownFileType</key>
			<string>text.plist.strings</string>
			<key>name</key>
			<string>en</string>
			<key>path</key>
			<string>en.lproj/InfoPlist.strings</string>
			<key>sourceTree</key>
			<string>&lt;group&gt;</string>
		</dict>
		<key>A3A9F9621496E96100F83617</key>
		<dict>
			<key>fileRef</key>
			<string>A3A9F9601496E96100F83617</string>
			<key>isa</key>
			<string>PBXBuildFile</string>
		</dict>
		<key>A3A9F9661496E96100F83617</key>
		<dict>
			<key>isa</key>
			<string>PBXFileReference</string>
			<key>lastKnownFileType</key>
			<string>sourcecode.c.h</string>
			<key>path</key>
			<string>Functional Specs-Prefix.pch</string>
			<key>sourceTree</key>
			<string>&lt;group&gt;</string>
		</dict>
		<key>A3A9F9671496E96100F83617</key>
		<dict>
			<key>buildConfigurations</key>
			<array>
				<string>A3A9F9681496E96100F83617</string>
				<string>A3A9F9691496E96100F83617</string>
			</array>
			<key>defaultConfigurationIsVisible</key>
			<string>0</string>
			<key>defaultConfigurationName</key>
			<string>Release</string>
			<key>isa</key>
			<string>XCConfigurationList</string>
		</dict>
		<key>A3A9F9681496E96100F83617</key>
		<dict>
			<key>baseConfigurationReference</key>
			<string>2B0E62F94EA541AC9608C8A7</string>
			<key>buildSettings</key>
			<dict>
				<key>ALWAYS_SEARCH_USER_PATHS</key>
				<string>NO</string>
				<key>CLANG_ENABLE_OBJC_ARC</key>
				<string>NO</string>
				<key>COPY_PHASE_STRIP</key>
				<string>NO</string>
				<key>DSTROOT</key>
				<string>/tmp/xcodeproj.dst</string>
				<key>FRAMEWORK_SEARCH_PATHS</key>
				<array>
					<string>$(SDKROOT)/Developer/Library/Frameworks</string>
					<string>$(DEVELOPER_LIBRARY_DIR)/Frameworks</string>
				</array>
				<key>GCC_C_LANGUAGE_STANDARD</key>
				<string>gnu99</string>
				<key>GCC_DYNAMIC_NO_PIC</key>
				<string>NO</string>
				<key>GCC_OPTIMIZATION_LEVEL</key>
				<string>0</string>
				<key>GCC_PRECOMPILE_PREFIX_HEADER</key>
				<string>YES</string>
				<key>GCC_PREFIX_HEADER</key>
				<string>Functional Specs/Functional Specs-Prefix.pch</string>
				<key>GCC_PREPROCESSOR_DEFINITIONS</key>
				<array>
					<string>DEBUG=1</string>
					<string>$(inherited)</string>
				</array>
				<key>GCC_SYMBOLS_PRIVATE_EXTERN</key>
				<string>NO</string>
				<key>GCC_VERSION</key>
				<string>com.apple.compilers.llvm.clang.1_0</string>
				<key>INFOPLIST_FILE</key>
				<string>Functional Specs/Functional Specs-Info.plist</string>
				<key>IPHONEOS_DEPLOYMENT_TARGET</key>
				<string>5.0</string>
				<key>OTHER_LDFLAGS</key>
				<string>-ObjC</string>
				<key>PRODUCT_NAME</key>
				<string>$(TARGET_NAME)</string>
				<key>SKIP_INSTALL</key>
				<string>YES</string>
				<key>WRAPPER_EXTENSION</key>
				<string>octest</string>
			</dict>
			<key>isa</key>
			<string>XCBuildConfiguration</string>
			<key>name</key>
			<string>Debug</string>
		</dict>
		<key>A3A9F9691496E96100F83617</key>
		<dict>
			<key>baseConfigurationReference</key>
			<string>2B0E62F94EA541AC9608C8A7</string>
			<key>buildSettings</key>
			<dict>
				<key>ALWAYS_SEARCH_USER_PATHS</key>
				<string>NO</string>
				<key>CLANG_ENABLE_OBJC_ARC</key>
				<string>NO</string>
				<key>COPY_PHASE_STRIP</key>
				<string>YES</string>
				<key>DSTROOT</key>
				<string>/tmp/xcodeproj.dst</string>
				<key>FRAMEWORK_SEARCH_PATHS</key>
				<array>
					<string>$(SDKROOT)/Developer/Library/Frameworks</string>
					<string>$(DEVELOPER_LIBRARY_DIR)/Frameworks</string>
				</array>
				<key>GCC_C_LANGUAGE_STANDARD</key>
				<string>gnu99</string>
				<key>GCC_PRECOMPILE_PREFIX_HEADER</key>
				<string>YES</string>
				<key>GCC_PREFIX_HEADER</key>
				<string>Functional Specs/Functional Specs-Prefix.pch</string>
				<key>GCC_VERSION</key>
				<string>com.apple.compilers.llvm.clang.1_0</string>
				<key>INFOPLIST_FILE</key>
				<string>Functional Specs/Functional Specs-Info.plist</string>
				<key>IPHONEOS_DEPLOYMENT_TARGET</key>
				<string>5.0</string>
				<key>OTHER_LDFLAGS</key>
				<string>-ObjC</string>
				<key>PRODUCT_NAME</key>
				<string>$(TARGET_NAME)</string>
				<key>SKIP_INSTALL</key>
				<string>YES</string>
				<key>VALIDATE_PRODUCT</key>
				<string>YES</string>
				<key>WRAPPER_EXTENSION</key>
				<string>octest</string>
			</dict>
			<key>isa</key>
			<string>XCBuildConfiguration</string>
			<key>name</key>
			<string>Release</string>
		</dict>
		<key>A3A9F96A1496E9C300F83617</key>
		<dict>
			<key>fileEncoding</key>
			<string>4</string>
			<key>isa</key>
			<string>PBXFileReference</string>
			<key>lastKnownFileType</key>
			<string>sourcecode.c.objc</string>
			<key>path</key>
			<string>BasicEventHandlingSpec.m</string>
			<key>sourceTree</key>
			<string>&lt;group&gt;</string>
		</dict>
		<key>A3A9F96C1496E9E500F83617</key>
		<dict>
			<key>fileEncoding</key>
			<string>4</string>
			<key>isa</key>
			<string>PBXFileReference</string>
			<key>lastKnownFileType</key>
			<string>sourcecode.c.h</string>
			<key>path</key>
			<string>SpecHelper.h</string>
			<key>sourceTree</key>
			<string>&lt;group&gt;</string>
		</dict>
		<key>A3A9F96D1496E9E500F83617</key>
		<dict>
			<key>fileEncoding</key>
			<string>4</string>
			<key>isa</key>
			<string>PBXFileReference</string>
			<key>lastKnownFileType</key>
			<string>sourcecode.c.objc</string>
			<key>path</key>
			<string>SpecHelper.m</string>
			<key>sourceTree</key>
			<string>&lt;group&gt;</string>
		</dict>
		<key>A3A9FA491496EC0C00F83617</key>
		<dict>
			<key>fileRef</key>
			<string>A3A9F96A1496E9C300F83617</string>
			<key>isa</key>
			<string>PBXBuildFile</string>
		</dict>
		<key>A3A9FA4D1496EEB300F83617</key>
		<dict>
			<key>fileRef</key>
			<string>A3A9F96D1496E9E500F83617</string>
			<key>isa</key>
			<string>PBXBuildFile</string>
		</dict>
		<key>A3A9FA4E1496EECE00F83617</key>
		<dict>
			<key>fileRef</key>
			<string>A3D1D2B71158013F009A12AD</string>
			<key>isa</key>
			<string>PBXBuildFile</string>
		</dict>
		<key>A3A9FA4F1496EEE000F83617</key>
		<dict>
			<key>fileRef</key>
			<string>A3D1D0B51157CCDE009A12AD</string>
			<key>isa</key>
			<string>PBXBuildFile</string>
		</dict>
		<key>A3AC28B413F75530001C4808</key>
		<dict>
			<key>fileEncoding</key>
			<string>4</string>
			<key>isa</key>
			<string>PBXFileReference</string>
			<key>lastKnownFileType</key>
			<string>sourcecode.c.h</string>
			<key>path</key>
			<string>PTURLRequestOperation.h</string>
			<key>sourceTree</key>
			<string>&lt;group&gt;</string>
		</dict>
		<key>A3AC28B513F75530001C4808</key>
		<dict>
			<key>fileEncoding</key>
			<string>4</string>
			<key>isa</key>
			<string>PBXFileReference</string>
			<key>lastKnownFileType</key>
			<string>sourcecode.c.objc</string>
			<key>path</key>
			<string>PTURLRequestOperation.m</string>
			<key>sourceTree</key>
			<string>&lt;group&gt;</string>
		</dict>
		<key>A3AC28B613F75530001C4808</key>
		<dict>
			<key>fileRef</key>
			<string>A3AC28B413F75530001C4808</string>
			<key>isa</key>
			<string>PBXBuildFile</string>
		</dict>
		<key>A3AC28B713F75530001C4808</key>
		<dict>
			<key>fileRef</key>
			<string>A3AC28B513F75530001C4808</string>
			<key>isa</key>
			<string>PBXBuildFile</string>
		</dict>
		<key>A3AC28BC13F75BF1001C4808</key>
		<dict>
			<key>fileEncoding</key>
			<string>4</string>
			<key>isa</key>
			<string>PBXFileReference</string>
			<key>lastKnownFileType</key>
			<string>sourcecode.c.h</string>
			<key>path</key>
			<string>PusherExampleMenuViewController.h</string>
			<key>sourceTree</key>
			<string>&lt;group&gt;</string>
		</dict>
		<key>A3AC28BD13F75BF1001C4808</key>
		<dict>
			<key>fileEncoding</key>
			<string>4</string>
			<key>isa</key>
			<string>PBXFileReference</string>
			<key>lastKnownFileType</key>
			<string>sourcecode.c.objc</string>
			<key>path</key>
			<string>PusherExampleMenuViewController.m</string>
			<key>sourceTree</key>
			<string>&lt;group&gt;</string>
		</dict>
		<key>A3AC28BF13F75BF1001C4808</key>
		<dict>
			<key>fileRef</key>
			<string>A3AC28BC13F75BF1001C4808</string>
			<key>isa</key>
			<string>PBXBuildFile</string>
		</dict>
		<key>A3AC28C113F76C50001C4808</key>
		<dict>
			<key>fileEncoding</key>
			<string>4</string>
			<key>isa</key>
			<string>PBXFileReference</string>
			<key>lastKnownFileType</key>
			<string>sourcecode.c.h</string>
			<key>path</key>
			<string>PTPusherChannelAuthorizationOperation.h</string>
			<key>sourceTree</key>
			<string>&lt;group&gt;</string>
		</dict>
		<key>A3AC28C213F76C50001C4808</key>
		<dict>
			<key>fileEncoding</key>
			<string>4</string>
			<key>isa</key>
			<string>PBXFileReference</string>
			<key>lastKnownFileType</key>
			<string>sourcecode.c.objc</string>
			<key>path</key>
			<string>PTPusherChannelAuthorizationOperation.m</string>
			<key>sourceTree</key>
			<string>&lt;group&gt;</string>
		</dict>
		<key>A3AC28C313F76C51001C4808</key>
		<dict>
			<key>fileRef</key>
			<string>A3AC28C113F76C50001C4808</string>
			<key>isa</key>
			<string>PBXBuildFile</string>
		</dict>
		<key>A3AC28C413F76C51001C4808</key>
		<dict>
			<key>fileRef</key>
			<string>A3AC28C213F76C50001C4808</string>
			<key>isa</key>
			<string>PBXBuildFile</string>
		</dict>
		<key>A3B2931814D8D04B00C6B79F</key>
		<dict>
			<key>buildActionMask</key>
			<string>2147483647</string>
			<key>files</key>
			<array/>
			<key>inputPaths</key>
			<array/>
			<key>isa</key>
			<string>PBXShellScriptBuildPhase</string>
			<key>name</key>
			<string>Just here to export ENV for Rake</string>
			<key>outputPaths</key>
			<array/>
			<key>runOnlyForDeploymentPostprocessing</key>
			<string>0</string>
			<key>shellPath</key>
			<string>/bin/sh</string>
			<key>shellScript</key>
			<string></string>
		</dict>
		<key>A3B2931F14D8D96900C6B79F</key>
		<dict>
			<key>fileRef</key>
			<string>A39E238A13F7E85C0083CAD7</string>
			<key>isa</key>
			<string>PBXBuildFile</string>
			<key>settings</key>
			<dict>
				<key>ATTRIBUTES</key>
				<array>
					<string>Public</string>
				</array>
			</dict>
		</dict>
		<key>A3B7E4EA1581672A00CDA6DA</key>
		<dict>
			<key>fileEncoding</key>
			<string>4</string>
			<key>isa</key>
			<string>PBXFileReference</string>
			<key>lastKnownFileType</key>
			<string>sourcecode.c.objc</string>
			<key>path</key>
			<string>ClientEventsSpec.m</string>
			<key>sourceTree</key>
			<string>&lt;group&gt;</string>
		</dict>
		<key>A3B7E4EB1581672A00CDA6DA</key>
		<dict>
			<key>fileRef</key>
			<string>A3B7E4EA1581672A00CDA6DA</string>
			<key>isa</key>
			<string>PBXBuildFile</string>
		</dict>
		<key>A3BC7ECA1607A07300FB45DB</key>
		<dict>
			<key>fileRef</key>
			<string>3F700C4637DC43EFA335D40F</string>
			<key>isa</key>
			<string>PBXBuildFile</string>
		</dict>
		<key>A3C32D9A14D083C10017FAED</key>
		<dict>
			<key>fileEncoding</key>
			<string>4</string>
			<key>isa</key>
			<string>PBXFileReference</string>
			<key>lastKnownFileType</key>
			<string>sourcecode.c.objc</string>
			<key>path</key>
			<string>PTPusherEventSpec.m</string>
			<key>sourceTree</key>
			<string>&lt;group&gt;</string>
		</dict>
		<key>A3C32D9B14D083C10017FAED</key>
		<dict>
			<key>fileRef</key>
			<string>A3C32D9A14D083C10017FAED</string>
			<key>isa</key>
			<string>PBXBuildFile</string>
		</dict>
		<key>A3C32D9C14D083D60017FAED</key>
		<dict>
			<key>fileEncoding</key>
			<string>4</string>
			<key>isa</key>
			<string>PBXFileReference</string>
			<key>lastKnownFileType</key>
			<string>sourcecode.c.h</string>
			<key>path</key>
			<string>SpecHelper.h</string>
			<key>sourceTree</key>
			<string>&lt;group&gt;</string>
		</dict>
		<key>A3CA666914D96814003E2F1E</key>
		<dict>
			<key>fileRef</key>
			<string>A3FE42181181173B009CF5D7</string>
			<key>isa</key>
			<string>PBXBuildFile</string>
			<key>settings</key>
			<dict>
				<key>ATTRIBUTES</key>
				<array>
					<string>Public</string>
				</array>
			</dict>
		</dict>
		<key>A3CA670E14DBBAA1003E2F1E</key>
		<dict>
			<key>fileRef</key>
			<string>A39E238613F7E3FD0083CAD7</string>
			<key>isa</key>
			<string>PBXBuildFile</string>
			<key>settings</key>
			<dict>
				<key>ATTRIBUTES</key>
				<array>
					<string>Public</string>
				</array>
			</dict>
		</dict>
		<key>A3CA671514DBBAE1003E2F1E</key>
		<dict>
			<key>fileRef</key>
			<string>A3FE42FF11812541009CF5D7</string>
			<key>isa</key>
			<string>PBXBuildFile</string>
		</dict>
		<key>A3D1D0991157CC3F009A12AD</key>
		<dict>
			<key>children</key>
			<array>
				<string>A3382DEA1525D01B0025550D</string>
				<string>A37E158E14E49F2D00DCA3A6</string>
			</array>
			<key>isa</key>
			<string>PBXGroup</string>
			<key>path</key>
			<string>Vendor</string>
			<key>sourceTree</key>
			<string>&lt;group&gt;</string>
		</dict>
		<key>A3D1D0B51157CCDE009A12AD</key>
		<dict>
			<key>includeInIndex</key>
			<string>1</string>
			<key>isa</key>
			<string>PBXFileReference</string>
			<key>lastKnownFileType</key>
			<string>wrapper.framework</string>
			<key>name</key>
			<string>CFNetwork.framework</string>
			<key>path</key>
			<string>System/Library/Frameworks/CFNetwork.framework</string>
			<key>sourceTree</key>
			<string>SDKROOT</string>
		</dict>
		<key>A3D1D0B61157CCDE009A12AD</key>
		<dict>
			<key>fileRef</key>
			<string>A3D1D0B51157CCDE009A12AD</string>
			<key>isa</key>
			<string>PBXBuildFile</string>
		</dict>
		<key>A3D1D2711157F961009A12AD</key>
		<dict>
			<key>children</key>
			<array>
				<string>A30790D911583B7200EBFFF8</string>
				<string>A3D1D27C1157FA30009A12AD</string>
				<string>A3D1D2821157FA30009A12AD</string>
				<string>A3FE41CD1181116C009CF5D7</string>
			</array>
			<key>isa</key>
			<string>PBXGroup</string>
			<key>name</key>
			<string>Sample Application</string>
			<key>path</key>
			<string>Sample</string>
			<key>sourceTree</key>
			<string>&lt;group&gt;</string>
		</dict>
		<key>A3D1D27C1157FA30009A12AD</key>
		<dict>
			<key>children</key>
			<array>
				<string>A314A2B314EFFF0400918BEA</string>
				<string>A314A2B414EFFF0400918BEA</string>
				<string>A3D1D27D1157FA30009A12AD</string>
				<string>A3D1D27E1157FA30009A12AD</string>
				<string>A3D1D27F1157FA30009A12AD</string>
				<string>A3D1D2801157FA30009A12AD</string>
				<string>A39E238713F7E6AB0083CAD7</string>
				<string>A39E238813F7E6AB0083CAD7</string>
				<string>A3FE41C811811161009CF5D7</string>
				<string>A3FE41C911811161009CF5D7</string>
				<string>A3AC28BC13F75BF1001C4808</string>
				<string>A3AC28BD13F75BF1001C4808</string>
				<string>A3698FEC13FF0868005CF130</string>
				<string>A3698FED13FF0868005CF130</string>
				<string>A3698FFD13FF200C005CF130</string>
				<string>A3698FFE13FF200C005CF130</string>
			</array>
			<key>isa</key>
			<string>PBXGroup</string>
			<key>path</key>
			<string>Classes</string>
			<key>sourceTree</key>
			<string>&lt;group&gt;</string>
		</dict>
		<key>A3D1D27D1157FA30009A12AD</key>
		<dict>
			<key>fileEncoding</key>
			<string>4</string>
			<key>isa</key>
			<string>PBXFileReference</string>
			<key>lastKnownFileType</key>
			<string>sourcecode.c.h</string>
			<key>path</key>
			<string>PusherEventsAppDelegate.h</string>
			<key>sourceTree</key>
			<string>&lt;group&gt;</string>
		</dict>
		<key>A3D1D27E1157FA30009A12AD</key>
		<dict>
			<key>fileEncoding</key>
			<string>4</string>
			<key>isa</key>
			<string>PBXFileReference</string>
			<key>lastKnownFileType</key>
			<string>sourcecode.c.objc</string>
			<key>path</key>
			<string>PusherEventsAppDelegate.m</string>
			<key>sourceTree</key>
			<string>&lt;group&gt;</string>
		</dict>
		<key>A3D1D27F1157FA30009A12AD</key>
		<dict>
			<key>fileEncoding</key>
			<string>4</string>
			<key>isa</key>
			<string>PBXFileReference</string>
			<key>lastKnownFileType</key>
			<string>sourcecode.c.h</string>
			<key>path</key>
			<string>PusherEventsViewController.h</string>
			<key>sourceTree</key>
			<string>&lt;group&gt;</string>
		</dict>
		<key>A3D1D2801157FA30009A12AD</key>
		<dict>
			<key>fileEncoding</key>
			<string>4</string>
			<key>isa</key>
			<string>PBXFileReference</string>
			<key>lastKnownFileType</key>
			<string>sourcecode.c.objc</string>
			<key>path</key>
			<string>PusherEventsViewController.m</string>
			<key>sourceTree</key>
			<string>&lt;group&gt;</string>
		</dict>
		<key>A3D1D2821157FA30009A12AD</key>
		<dict>
			<key>fileEncoding</key>
			<string>4</string>
			<key>isa</key>
			<string>PBXFileReference</string>
			<key>lastKnownFileType</key>
			<string>sourcecode.c.objc</string>
			<key>path</key>
			<string>main.m</string>
			<key>sourceTree</key>
			<string>&lt;group&gt;</string>
		</dict>
		<key>A3D1D2831157FA30009A12AD</key>
		<dict>
			<key>isa</key>
			<string>PBXFileReference</string>
			<key>lastKnownFileType</key>
			<string>file.xib</string>
			<key>name</key>
			<string>MainWindow.xib</string>
			<key>path</key>
			<string>Sample/MainWindow.xib</string>
			<key>sourceTree</key>
			<string>&lt;group&gt;</string>
		</dict>
		<key>A3D1D2851157FA30009A12AD</key>
		<dict>
			<key>isa</key>
			<string>PBXFileReference</string>
			<key>lastKnownFileType</key>
			<string>file.xib</string>
			<key>name</key>
			<string>PusherEventsViewController.xib</string>
			<key>path</key>
			<string>Sample/PusherEventsViewController.xib</string>
			<key>sourceTree</key>
			<string>&lt;group&gt;</string>
		</dict>
		<key>A3D1D2861157FA30009A12AD</key>
		<dict>
			<key>fileRef</key>
			<string>A3D1D27E1157FA30009A12AD</string>
			<key>isa</key>
			<string>PBXBuildFile</string>
		</dict>
		<key>A3D1D2871157FA30009A12AD</key>
		<dict>
			<key>fileRef</key>
			<string>A3D1D2801157FA30009A12AD</string>
			<key>isa</key>
			<string>PBXBuildFile</string>
		</dict>
		<key>A3D1D2881157FA30009A12AD</key>
		<dict>
			<key>fileRef</key>
			<string>A3D1D2821157FA30009A12AD</string>
			<key>isa</key>
			<string>PBXBuildFile</string>
		</dict>
		<key>A3D1D2891157FA30009A12AD</key>
		<dict>
			<key>fileRef</key>
			<string>A3D1D2831157FA30009A12AD</string>
			<key>isa</key>
			<string>PBXBuildFile</string>
		</dict>
		<key>A3D1D28B1157FA30009A12AD</key>
		<dict>
			<key>fileRef</key>
			<string>A3D1D2851157FA30009A12AD</string>
			<key>isa</key>
			<string>PBXBuildFile</string>
		</dict>
		<key>A3D1D28C1157FA4C009A12AD</key>
		<dict>
			<key>fileEncoding</key>
			<string>4</string>
			<key>isa</key>
			<string>PBXFileReference</string>
			<key>lastKnownFileType</key>
			<string>sourcecode.c.h</string>
			<key>path</key>
			<string>PTEventListener.h</string>
			<key>sourceTree</key>
			<string>&lt;group&gt;</string>
		</dict>
		<key>A3D1D28E1157FA4C009A12AD</key>
		<dict>
			<key>fileEncoding</key>
			<string>4</string>
			<key>isa</key>
			<string>PBXFileReference</string>
			<key>lastKnownFileType</key>
			<string>sourcecode.c.h</string>
			<key>path</key>
			<string>PTPusher.h</string>
			<key>sourceTree</key>
			<string>&lt;group&gt;</string>
		</dict>
		<key>A3D1D28F1157FA4C009A12AD</key>
		<dict>
			<key>fileEncoding</key>
			<string>4</string>
			<key>isa</key>
			<string>PBXFileReference</string>
			<key>lastKnownFileType</key>
			<string>sourcecode.c.objc</string>
			<key>path</key>
			<string>PTPusher.m</string>
			<key>sourceTree</key>
			<string>&lt;group&gt;</string>
		</dict>
		<key>A3D1D2901157FA4C009A12AD</key>
		<dict>
			<key>fileEncoding</key>
			<string>4</string>
			<key>isa</key>
			<string>PBXFileReference</string>
			<key>lastKnownFileType</key>
			<string>sourcecode.c.h</string>
			<key>path</key>
			<string>PTPusherEvent.h</string>
			<key>sourceTree</key>
			<string>&lt;group&gt;</string>
		</dict>
		<key>A3D1D2911157FA4C009A12AD</key>
		<dict>
			<key>fileEncoding</key>
			<string>4</string>
			<key>isa</key>
			<string>PBXFileReference</string>
			<key>lastKnownFileType</key>
			<string>sourcecode.c.objc</string>
			<key>path</key>
			<string>PTPusherEvent.m</string>
			<key>sourceTree</key>
			<string>&lt;group&gt;</string>
		</dict>
		<key>A3D1D29B1157FA80009A12AD</key>
		<dict>
			<key>fileEncoding</key>
			<string>4</string>
			<key>isa</key>
			<string>PBXFileReference</string>
			<key>lastKnownFileType</key>
			<string>text.plist.xml</string>
			<key>path</key>
			<string>libPusher-Info.plist</string>
			<key>sourceTree</key>
			<string>&lt;group&gt;</string>
		</dict>
		<key>A3D1D2B31158013F009A12AD</key>
		<dict>
			<key>buildActionMask</key>
			<string>2147483647</string>
			<key>files</key>
			<array>
				<string>A3A1A42A11582F26001EF877</string>
				<string>A3D1D2C911580162009A12AD</string>
				<string>A3D1D2CB11580162009A12AD</string>
				<string>A3FE429E11811EEE009CF5D7</string>
				<string>A35281D013F721A8000687C0</string>
				<string>A35281D313F72E03000687C0</string>
				<string>A35281D613F736DF000687C0</string>
				<string>A35281DB13F73C54000687C0</string>
				<string>A35281E413F75010000687C0</string>
				<string>A35281E913F75265000687C0</string>
				<string>A3D1D2C711580162009A12AD</string>
				<string>A3AC28B613F75530001C4808</string>
				<string>A3AC28BF13F75BF1001C4808</string>
				<string>A3AC28C313F76C51001C4808</string>
				<string>A3B2931F14D8D96900C6B79F</string>
				<string>A3CA666914D96814003E2F1E</string>
				<string>A3CA670E14DBBAA1003E2F1E</string>
				<string>A3CA671514DBBAE1003E2F1E</string>
				<string>A37E158F14E49F2D00DCA3A6</string>
				<string>A37E167414E572C900DCA3A6</string>
				<string>A3382DE41525C3FA0025550D</string>
				<string>A3382DF61525D06C0025550D</string>
				<string>A3382E011525D0D50025550D</string>
				<string>A317375F155D38C4007E4BBA</string>
				<string>A3226317155D481C00A46067</string>
			</array>
			<key>isa</key>
			<string>PBXHeadersBuildPhase</string>
			<key>runOnlyForDeploymentPostprocessing</key>
			<string>0</string>
		</dict>
		<key>A3D1D2B41158013F009A12AD</key>
		<dict>
			<key>buildActionMask</key>
			<string>2147483647</string>
			<key>files</key>
			<array>
				<string>A3FE44E71181C3C5009CF5D7</string>
				<string>A3D1D2CA11580162009A12AD</string>
				<string>A3D1D2CC11580162009A12AD</string>
				<string>A3FE429F11811EEE009CF5D7</string>
				<string>A3FE44761181B7FE009CF5D7</string>
				<string>A35281D113F721A8000687C0</string>
				<string>A35281D713F736DF000687C0</string>
				<string>A35281DC13F73C54000687C0</string>
				<string>A35281E513F75010000687C0</string>
				<string>A35281EA13F75265000687C0</string>
				<string>A3AC28B713F75530001C4808</string>
				<string>A3AC28C413F76C51001C4808</string>
				<string>A3382DE31525C3F70025550D</string>
				<string>A317375C155D2E82007E4BBA</string>
				<string>A3173760155D38C4007E4BBA</string>
			</array>
			<key>isa</key>
			<string>PBXSourcesBuildPhase</string>
			<key>runOnlyForDeploymentPostprocessing</key>
			<string>0</string>
		</dict>
		<key>A3D1D2B51158013F009A12AD</key>
		<dict>
			<key>buildActionMask</key>
			<string>2147483647</string>
			<key>files</key>
			<array>
				<string>A3BC7ECA1607A07300FB45DB</string>
			</array>
			<key>isa</key>
			<string>PBXFrameworksBuildPhase</string>
			<key>runOnlyForDeploymentPostprocessing</key>
			<string>0</string>
		</dict>
		<key>A3D1D2B61158013F009A12AD</key>
		<dict>
			<key>buildConfigurationList</key>
			<string>A3D1D2C411580144009A12AD</string>
			<key>buildPhases</key>
			<array>
				<string>A3D1D2B31158013F009A12AD</string>
				<string>A3D1D2B41158013F009A12AD</string>
				<string>A3D1D2B51158013F009A12AD</string>
				<string>7AC8136E21754BFEB4029864</string>
				<string>A3B2931814D8D04B00C6B79F</string>
			</array>
			<key>buildRules</key>
			<array/>
			<key>dependencies</key>
			<array/>
			<key>isa</key>
			<string>PBXNativeTarget</string>
			<key>name</key>
			<string>libPusher</string>
			<key>productName</key>
			<string>libPusher</string>
			<key>productReference</key>
			<string>A3D1D2B71158013F009A12AD</string>
			<key>productType</key>
			<string>com.apple.product-type.library.static</string>
		</dict>
		<key>A3D1D2B71158013F009A12AD</key>
		<dict>
			<key>explicitFileType</key>
			<string>archive.ar</string>
			<key>includeInIndex</key>
			<string>0</string>
			<key>isa</key>
			<string>PBXFileReference</string>
			<key>name</key>
			<string>libPusher.a</string>
			<key>path</key>
			<string>libPusher.a</string>
			<key>sourceTree</key>
			<string>BUILT_PRODUCTS_DIR</string>
		</dict>
		<key>A3D1D2B811580140009A12AD</key>
		<dict>
			<key>buildSettings</key>
			<dict>
				<key>CLANG_ENABLE_OBJC_ARC</key>
				<string>YES</string>
				<key>COPY_PHASE_STRIP</key>
				<string>NO</string>
				<key>DSTROOT</key>
				<string>/tmp/xcodeproj.dst</string>
				<key>DYLIB_CURRENT_VERSION</key>
				<string>1.2</string>
				<key>GCC_DYNAMIC_NO_PIC</key>
				<string>NO</string>
				<key>GCC_OPTIMIZATION_LEVEL</key>
				<string>0</string>
				<key>GCC_PRECOMPILE_PREFIX_HEADER</key>
				<string>YES</string>
				<key>GCC_PREFIX_HEADER</key>
				<string>libPusher_Prefix.pch</string>
				<key>GCC_VERSION</key>
				<string>com.apple.compilers.llvm.clang.1_0</string>
				<key>PRODUCT_NAME</key>
				<string>Pusher</string>
				<key>SDKROOT</key>
				<string>iphoneos</string>
				<key>SKIP_INSTALL</key>
				<string>YES</string>
			</dict>
			<key>isa</key>
			<string>XCBuildConfiguration</string>
			<key>name</key>
			<string>Debug</string>
		</dict>
		<key>A3D1D2B911580140009A12AD</key>
		<dict>
			<key>baseConfigurationReference</key>
			<string>A315780A14D0751C000136A9</string>
			<key>buildSettings</key>
			<dict>
				<key>CLANG_ENABLE_OBJC_ARC</key>
				<string>YES</string>
				<key>COPY_PHASE_STRIP</key>
				<string>YES</string>
				<key>DEBUG_INFORMATION_FORMAT</key>
				<string>dwarf-with-dsym</string>
				<key>DSTROOT</key>
				<string>/tmp/xcodeproj.dst</string>
				<key>DYLIB_CURRENT_VERSION</key>
				<string>1.2</string>
				<key>GCC_PRECOMPILE_PREFIX_HEADER</key>
				<string>YES</string>
				<key>GCC_PREFIX_HEADER</key>
				<string>libPusher_Prefix.pch</string>
				<key>GCC_VERSION</key>
				<string>com.apple.compilers.llvm.clang.1_0</string>
				<key>PRODUCT_NAME</key>
				<string>Pusher</string>
				<key>SDKROOT</key>
				<string>iphoneos</string>
				<key>SKIP_INSTALL</key>
				<string>YES</string>
				<key>ZERO_LINK</key>
				<string>NO</string>
			</dict>
			<key>isa</key>
			<string>XCBuildConfiguration</string>
			<key>name</key>
			<string>Release</string>
		</dict>
		<key>A3D1D2C411580144009A12AD</key>
		<dict>
			<key>buildConfigurations</key>
			<array>
				<string>A3D1D2B811580140009A12AD</string>
				<string>A3D1D2B911580140009A12AD</string>
			</array>
			<key>defaultConfigurationIsVisible</key>
			<string>0</string>
			<key>defaultConfigurationName</key>
			<string>Release</string>
			<key>isa</key>
			<string>XCConfigurationList</string>
		</dict>
		<key>A3D1D2C711580162009A12AD</key>
		<dict>
			<key>fileRef</key>
			<string>A3D1D28C1157FA4C009A12AD</string>
			<key>isa</key>
			<string>PBXBuildFile</string>
			<key>settings</key>
			<dict>
				<key>ATTRIBUTES</key>
				<array>
					<string>Public</string>
				</array>
			</dict>
		</dict>
		<key>A3D1D2C911580162009A12AD</key>
		<dict>
			<key>fileRef</key>
			<string>A3D1D28E1157FA4C009A12AD</string>
			<key>isa</key>
			<string>PBXBuildFile</string>
			<key>settings</key>
			<dict>
				<key>ATTRIBUTES</key>
				<array>
					<string>Public</string>
				</array>
			</dict>
		</dict>
		<key>A3D1D2CA11580162009A12AD</key>
		<dict>
			<key>fileRef</key>
			<string>A3D1D28F1157FA4C009A12AD</string>
			<key>isa</key>
			<string>PBXBuildFile</string>
		</dict>
		<key>A3D1D2CB11580162009A12AD</key>
		<dict>
			<key>fileRef</key>
			<string>A3D1D2901157FA4C009A12AD</string>
			<key>isa</key>
			<string>PBXBuildFile</string>
			<key>settings</key>
			<dict>
				<key>ATTRIBUTES</key>
				<array>
					<string>Public</string>
				</array>
			</dict>
		</dict>
		<key>A3D1D2CC11580162009A12AD</key>
		<dict>
			<key>fileRef</key>
			<string>A3D1D2911157FA4C009A12AD</string>
			<key>isa</key>
			<string>PBXBuildFile</string>
		</dict>
		<key>A3D1D3021158029F009A12AD</key>
		<dict>
			<key>containerPortal</key>
			<string>29B97313FDCFA39411CA2CEA</string>
			<key>isa</key>
			<string>PBXContainerItemProxy</string>
			<key>proxyType</key>
			<string>1</string>
			<key>remoteGlobalIDString</key>
			<string>A3D1D2B61158013F009A12AD</string>
			<key>remoteInfo</key>
			<string>libPusher</string>
		</dict>
		<key>A3D1D3031158029F009A12AD</key>
		<dict>
			<key>isa</key>
			<string>PBXTargetDependency</string>
			<key>target</key>
			<string>A3D1D2B61158013F009A12AD</string>
			<key>targetProxy</key>
			<string>A3D1D3021158029F009A12AD</string>
		</dict>
		<key>A3DF2D6D13B3CD5700EE4349</key>
		<dict>
			<key>fileRef</key>
			<string>A3D1D2B71158013F009A12AD</string>
			<key>isa</key>
			<string>PBXBuildFile</string>
		</dict>
		<key>A3FE41C811811161009CF5D7</key>
		<dict>
			<key>fileEncoding</key>
			<string>4</string>
			<key>isa</key>
			<string>PBXFileReference</string>
			<key>lastKnownFileType</key>
			<string>sourcecode.c.h</string>
			<key>path</key>
			<string>NewEventViewController.h</string>
			<key>sourceTree</key>
			<string>&lt;group&gt;</string>
		</dict>
		<key>A3FE41C911811161009CF5D7</key>
		<dict>
			<key>fileEncoding</key>
			<string>4</string>
			<key>isa</key>
			<string>PBXFileReference</string>
			<key>lastKnownFileType</key>
			<string>sourcecode.c.objc</string>
			<key>path</key>
			<string>NewEventViewController.m</string>
			<key>sourceTree</key>
			<string>&lt;group&gt;</string>
		</dict>
		<key>A3FE41CA11811161009CF5D7</key>
		<dict>
			<key>isa</key>
			<string>PBXFileReference</string>
			<key>lastKnownFileType</key>
			<string>file.xib</string>
			<key>name</key>
			<string>NewEventViewController.xib</string>
			<key>path</key>
			<string>Sample/Classes/NewEventViewController.xib</string>
			<key>sourceTree</key>
			<string>&lt;group&gt;</string>
		</dict>
		<key>A3FE41CB11811161009CF5D7</key>
		<dict>
			<key>fileRef</key>
			<string>A3FE41C911811161009CF5D7</string>
			<key>isa</key>
			<string>PBXBuildFile</string>
		</dict>
		<key>A3FE41CC11811161009CF5D7</key>
		<dict>
			<key>fileRef</key>
			<string>A3FE41CA11811161009CF5D7</string>
			<key>isa</key>
			<string>PBXBuildFile</string>
		</dict>
		<key>A3FE41CD1181116C009CF5D7</key>
		<dict>
			<key>children</key>
			<array>
				<string>A3FE41CA11811161009CF5D7</string>
				<string>A3D1D2831157FA30009A12AD</string>
				<string>A3D1D2851157FA30009A12AD</string>
			</array>
			<key>isa</key>
			<string>PBXGroup</string>
			<key>name</key>
			<string>Resources</string>
			<key>path</key>
			<string>..</string>
			<key>sourceTree</key>
			<string>&lt;group&gt;</string>
		</dict>
		<key>A3FE42181181173B009CF5D7</key>
		<dict>
			<key>fileEncoding</key>
			<string>4</string>
			<key>isa</key>
			<string>PBXFileReference</string>
			<key>lastKnownFileType</key>
			<string>sourcecode.c.h</string>
			<key>path</key>
			<string>PTPusherChannel.h</string>
			<key>sourceTree</key>
			<string>&lt;group&gt;</string>
		</dict>
		<key>A3FE42191181173B009CF5D7</key>
		<dict>
			<key>fileEncoding</key>
			<string>4</string>
			<key>isa</key>
			<string>PBXFileReference</string>
			<key>lastKnownFileType</key>
			<string>sourcecode.c.objc</string>
			<key>path</key>
			<string>PTPusherChannel.m</string>
			<key>sourceTree</key>
			<string>&lt;group&gt;</string>
		</dict>
		<key>A3FE429311811ED6009CF5D7</key>
		<dict>
			<key>children</key>
			<array>
				<string>A3AC28B413F75530001C4808</string>
				<string>A3AC28B513F75530001C4808</string>
				<string>A30950111525C272008F695B</string>
				<string>A30950121525C272008F695B</string>
				<string>A309500F1525C236008F695B</string>
				<string>A3FE429B11811EE8009CF5D7</string>
				<string>A3FE429C11811EE8009CF5D7</string>
				<string>A3FE42FF11812541009CF5D7</string>
				<string>A3FE430011812541009CF5D7</string>
			</array>
			<key>isa</key>
			<string>PBXGroup</string>
			<key>name</key>
			<string>Utility</string>
			<key>sourceTree</key>
			<string>&lt;group&gt;</string>
		</dict>
		<key>A3FE429B11811EE8009CF5D7</key>
		<dict>
			<key>fileEncoding</key>
			<string>4</string>
			<key>isa</key>
			<string>PBXFileReference</string>
			<key>lastKnownFileType</key>
			<string>sourcecode.c.h</string>
			<key>path</key>
			<string>NSString+Hashing.h</string>
			<key>sourceTree</key>
			<string>&lt;group&gt;</string>
		</dict>
		<key>A3FE429C11811EE8009CF5D7</key>
		<dict>
			<key>fileEncoding</key>
			<string>4</string>
			<key>isa</key>
			<string>PBXFileReference</string>
			<key>lastKnownFileType</key>
			<string>sourcecode.c.objc</string>
			<key>path</key>
			<string>NSString+Hashing.m</string>
			<key>sourceTree</key>
			<string>&lt;group&gt;</string>
		</dict>
		<key>A3FE429E11811EEE009CF5D7</key>
		<dict>
			<key>fileRef</key>
			<string>A3FE429B11811EE8009CF5D7</string>
			<key>isa</key>
			<string>PBXBuildFile</string>
		</dict>
		<key>A3FE429F11811EEE009CF5D7</key>
		<dict>
			<key>fileRef</key>
			<string>A3FE429C11811EE8009CF5D7</string>
			<key>isa</key>
			<string>PBXBuildFile</string>
		</dict>
		<key>A3FE42FF11812541009CF5D7</key>
		<dict>
			<key>fileEncoding</key>
			<string>4</string>
			<key>isa</key>
			<string>PBXFileReference</string>
			<key>lastKnownFileType</key>
			<string>sourcecode.c.h</string>
			<key>path</key>
			<string>NSDictionary+QueryString.h</string>
			<key>sourceTree</key>
			<string>&lt;group&gt;</string>
		</dict>
		<key>A3FE430011812541009CF5D7</key>
		<dict>
			<key>fileEncoding</key>
			<string>4</string>
			<key>isa</key>
			<string>PBXFileReference</string>
			<key>lastKnownFileType</key>
			<string>sourcecode.c.objc</string>
			<key>path</key>
			<string>NSDictionary+QueryString.m</string>
			<key>sourceTree</key>
			<string>&lt;group&gt;</string>
		</dict>
		<key>A3FE44761181B7FE009CF5D7</key>
		<dict>
			<key>fileRef</key>
			<string>A3FE42191181173B009CF5D7</string>
			<key>isa</key>
			<string>PBXBuildFile</string>
		</dict>
		<key>A3FE44E71181C3C5009CF5D7</key>
		<dict>
			<key>fileRef</key>
			<string>A3FE430011812541009CF5D7</string>
			<key>isa</key>
			<string>PBXBuildFile</string>
		</dict>
		<key>C01FCF4E08A954540054247B</key>
		<dict>
			<key>buildConfigurations</key>
			<array>
				<string>C01FCF4F08A954540054247B</string>
				<string>C01FCF5008A954540054247B</string>
			</array>
			<key>defaultConfigurationIsVisible</key>
			<string>0</string>
			<key>defaultConfigurationName</key>
			<string>Release</string>
			<key>isa</key>
			<string>XCConfigurationList</string>
		</dict>
		<key>C01FCF4F08A954540054247B</key>
		<dict>
			<key>buildSettings</key>
			<dict>
				<key>ARCHS</key>
				<string>$(ARCHS_STANDARD_32_BIT)</string>
				<key>CODE_SIGN_IDENTITY[sdk=iphoneos*]</key>
				<string>iPhone Developer</string>
				<key>CURRENT_PROJECT_VERSION</key>
				<string>1.1</string>
				<key>DYLIB_CURRENT_VERSION</key>
				<string>1.1</string>
				<key>GCC_C_LANGUAGE_STANDARD</key>
				<string>c99</string>
				<key>GCC_WARN_ABOUT_MISSING_PROTOTYPES</key>
				<string>YES</string>
				<key>GCC_WARN_ABOUT_RETURN_TYPE</key>
				<string>YES</string>
				<key>GCC_WARN_UNUSED_VARIABLE</key>
				<string>YES</string>
				<key>IPHONEOS_DEPLOYMENT_TARGET</key>
				<string>4.0</string>
				<key>SDKROOT</key>
				<string>iphoneos</string>
				<key>WARNING_CFLAGS</key>
				<string>-Wno-arc-performSelector-leaks</string>
			</dict>
			<key>isa</key>
			<string>XCBuildConfiguration</string>
			<key>name</key>
			<string>Debug</string>
		</dict>
		<key>C01FCF5008A954540054247B</key>
		<dict>
			<key>buildSettings</key>
			<dict>
				<key>ARCHS</key>
				<string>$(ARCHS_STANDARD_32_BIT)</string>
				<key>CODE_SIGN_IDENTITY[sdk=iphoneos*]</key>
				<string>iPhone Developer</string>
				<key>CURRENT_PROJECT_VERSION</key>
				<string>1.1</string>
				<key>DYLIB_CURRENT_VERSION</key>
				<string>1.1</string>
				<key>GCC_C_LANGUAGE_STANDARD</key>
				<string>c99</string>
				<key>GCC_WARN_ABOUT_MISSING_PROTOTYPES</key>
				<string>YES</string>
				<key>GCC_WARN_ABOUT_RETURN_TYPE</key>
				<string>YES</string>
				<key>GCC_WARN_UNUSED_VARIABLE</key>
				<string>YES</string>
				<key>IPHONEOS_DEPLOYMENT_TARGET</key>
				<string>4.0</string>
				<key>SDKROOT</key>
				<string>iphoneos</string>
				<key>WARNING_CFLAGS</key>
				<string>-Wno-arc-performSelector-leaks</string>
			</dict>
			<key>isa</key>
			<string>XCBuildConfiguration</string>
			<key>name</key>
			<string>Release</string>
		</dict>
		<key>D88984511CE9491889621DE8</key>
		<dict>
			<key>fileRef</key>
			<string>F1A8F1FD27B9464DAC1AADB5</string>
			<key>isa</key>
			<string>PBXBuildFile</string>
		</dict>
		<key>F1A8F1FD27B9464DAC1AADB5</key>
		<dict>
			<key>explicitFileType</key>
			<string>archive.ar</string>
			<key>includeInIndex</key>
			<string>0</string>
			<key>isa</key>
			<string>PBXFileReference</string>
			<key>name</key>
			<string>libPods.a</string>
			<key>path</key>
			<string>libPods.a</string>
			<key>sourceTree</key>
			<string>BUILT_PRODUCTS_DIR</string>
		</dict>
	</dict>
	<key>rootObject</key>
	<string>29B97313FDCFA39411CA2CEA</string>
</dict>
</plist>
